{
  "version": 4,
  "terraform_version": "1.9.1",
  "serial": 140,
  "lineage": "84a9e185-a3f3-7547-a82f-3733d904220d",
  "outputs": {
    "alb_dns_name": {
      "value": "final-project-alb-1532280437.eu-central-1.elb.amazonaws.com",
      "type": "string"
    },
    "bastion_host_public_ip": {
      "value": "18.194.137.91",
      "type": "string"
    },
    "bastion_known_hosts": {
      "value": "18.194.137.91 ssh-rsa AAAAB3NzaC1yc2EAAAADAQABAAACAQC3IlthoI5kmbbKYk8Dst+QKdmAKCchS8Klaqh/L5jCJHMSzN0lv9FQtwFvmpz9sTjZBaeaFlg6qTpg9GJ0QoHwErnhMVTEle4GzXRm2M2RjvqfLHxLnsu/NhsmdfluueAfNN5iH91dNQ1bBz0/aKBQNweCdK+/jffH2FHKC5zeR3dFkaJb2F/qPoPOM2WPQ0NmkhxWgvO7ivTxQWUBYicDM70kqdK8T9UovJQw9ZZv6Uc1druTl7Ond6t8oOKBi4p4gKRx7hb75Rl/PN9G/tzelw1z05ADEtutIfXZ4QpI1hfAD291+OZdvteTIpggWBDCYplWZqwgQ6t0fyQyaaRiFqR64M1XyeaSqgdHsSyWJU4x+Jk0ipsQ0oC+x5Eg8WlKwsBzsx+CKIE0Hn5D/o//Gj1X1YxL4S/hJU8ywV2PJfI7At2ZMZjik1RKmyCsMCbPw6ChETHBg0lsZpKItRJLUNT/bhP0U5SFnFjQu7MNMPTTyOxvmW+19EtizEpsoWV3NHNrAJ0VU/ZG69kADgsj4OWkSgXM+tFsqBvXpKiz2qcNGMiNz+3r8sNjWHFa3YbbMoRNG+46Fk5RiV/LrWbLCgZyGBobjt+bLS1cG7wRfv1IVLZx8Whlt8qE00DElB1g6njv/c+kHIeuXWlCvya459RgeltIla0xgr73Sagm5w==\n",
      "type": "string"
    },
    "bastion_public_ip": {
      "value": "18.194.137.91",
      "type": "string"
    },
    "bastion_ssh_key": {
      "value": "-----BEGIN RSA PRIVATE KEY-----\nMIIJKQIBAAKCAgEAtyJbYaCOZJm2ymJPA7LfkCnZgCgnIUvCpWqofy+YwiRzEszd\nJb/RULcBb5qc/bE42QWnmhZYOqk6YPRidEKB8BK54TFUxJXuBs10ZtjNkY76nyx8\nS57LvzYbJnX5brngHzTeYh/dXTUNWwc9P2igUDcHgnSvv433x9hRyguc3kd3RZGi\nW9hf6j6DzjNlj0NDZpIcVoLzu4r08UFlAWInAzO9JKnSvE/VKLyUMPWWb+lHNXa7\nk5ezp3erfKDigYuKeICkce4W++UZfzzfRv7c3pcNc9OQAxLbrSH12eEKSNYXwA9v\ndfjmXb7XkyKYIFgQwmKZVmasIEOrdH8kMmmkYhakeuDNV8nmkqoHR7EsliVOMfiZ\nNIqbENKAvseRIPFpSsLAc7MfgiiBNB5+Q/6P/xo9V9WMS+Ev4SVPMsFdjyXyOwLd\nmTGY4pNUSpsgrDAmz8OgoRExwYNJbGaSiLUSS1DU/24T9FOUhZxY0LuzDTD008js\nb5lvtfRLYsxKbKFldzRzawCdFVP2RuvZAA4LI+DlpEoFzPrRbKgb16Sos9qnDRjI\njc/t6/LDY1hxWt2G2zKETRvuOhZOUYlfy61mywoGchgaG47fmy0tXBu8EX79SFS2\ncfFoZbfKhNNAxJQdYOp47/3PpByHrl1pQr8muOfUYHpbSJWtMYK+90moJucCAwEA\nAQKCAgEAjq4h7CofRpnMJFn7nbIbJEK2xnaCJhrUh/RVWuJGbdvgG+Go2uRbvDsY\nz07yyWTuGYeiURbfnrSCW0+L9XBrtBOi5qR8mr0FOh+QdSCs6J8w/Bq4rGIH8+2/\nsXNw5qfCyg1yxZh160yOH0HAokptvJFjNGydEO0XA4iyEGyDx1p+vqD8kfo+oE4c\neuboVXneZWeo1G4qXw+gTubYPv+tzXzd/FajbTv1o0tpWcu9bWueozTiZ9dljTBb\nVzoxvyRsuf3gITOSjKat+sf+XV3rzzB4tqk6Jmrm5Dj1Rs9iJ+VFk8ly2cMWGCu7\n4VKum2SBijEvrnVH3ctbJeR42x4bh02ygdJw+4me//p8rhJ/Vw1RQ44PTmi4nEas\njTnJBnYBs3j49D3NrrKA8jR2LTG6Mf99lsUhLqyCFpU+zZiUsQ3b7081gaFDDnzd\nvYxlyXlsDU0ko50iBm52u1d0IE2LZdbxq0H/iDDeKcYlAdBvxRNvFOcv0vXktwPz\nFOfdIp/HZ0n/+lg1UD2wKqsHLum85V3VcxO5l/iz6ityjmBJJ/ng74FAo/7bztiO\nJp49m2vUZXH1j/ReusTSt8ZVJAtfAAq8+I4imCK4Wn1KysQeCYOgFOnZwQ7NcYRW\neN94KQVDKjWa0QQKK3eaQL1WSt2bXYFLmoLn8l+NrGGOjQ4rCiECggEBAO1jhntx\nv9OHV0zja+BFfl51Xf1xksLMjz7ZcmyM09XEpfO8W81ScHv1geB9w2NgiuCwn5i7\ntOHBS5zbVTTyg7Hkr+OLLWRS1vbd8gzD1DYdlaX3GgYVE7PXHY0qxkhCj3uda3Fu\n05zN2r6W3va52OrKIJssAMDIwcRP/JjX4t4LnumGoaq+xiaI7cTAtHPpDPqGKgV4\njUjG5k6C0GgFD6sSR0wnFScKnUF/7t7TaX4e+lDCgkmVJBwX+e+AuqWKwR+y1HJx\nhujK6MAGGcNOTvlxmS1OGgcf1sP99y3pdpAidM+W2+5RUgYJOmEYQPTO86gsRXbA\neT2RvC8O/Wbh+tsCggEBAMV97H1UTcQ44QeFzb3dE+ciOXEfgeSmgwY4/0XoZ1g1\nO1OtNa9xWxLjJt/DKpdrCc4tm7nbYVzX9O/tuXPwlOqctYXHLRi3aqbE8uMti4L2\ne22w++8ludIbpFoj1b/hTgp8Nvlm94TysdLfud6ONDzrtLtLiuoZ+913Rg7v9/ra\nQryZdPa63sFKFw5WhAgiiP+MNyNq9OEhZJnUa+r/kkgfql+XhJMmQw8OErnPtexF\nmSyL5TRDJnHU+RPM2EXftjKehi/7IpH7w0OiJ6hsaHJyCAb8UEBdxlrcY/tzihze\nBqI6YwCJX5NtTfGSZ6EedU6II5ri1ysGFIasEoeVk+UCggEBAJ1NPNjh2C3v2d5+\nOIaFJiareRuvPYPNjwIjjtn1O43EX/8xild00EqjtWsviuB4Ia6f+zF2+HY74sHO\n6RhLtw6TLiYGnI6FAiLVkUX6Ic22Luqp4dmz77lUyyU2+er6CB/ugTrKKHkYQ2HV\nkWtGXUG/rHmGX/1fSl6ubgBN1ewzIRs3djsxbRYt1/hvhWPlQw9jBcdYSa629feC\nYVz8NZSzaQFCSJb1Rp0XjA6lYpsLJe2L5k+h/yqKjLiywXtehXhexL4NEkuB4VcU\n889iPZy3NLw7q62a4HJBAKCwujrqSiMgoR27TzHmvYOHUcumsvh2VZVKF0zAHEXG\nlg2tos8CggEAK2rruwH1ttXqYwT/nmYkIgRcLIqIvAP/eja9qFjXn4TUbij+THvX\nUeeufDMkAfX+Sd2tBsc8OHUh3D2fL+YMVyfsoGSRfYWVZOSXoWo56ajWqd7nBER+\n/bol/8sxCuY1igiU7W+9qvTQM1QMQOlygpIvQZ3yBFWCEcZPGKmZEwU49s2l8ThU\nEJqBRx2uGTu+crAYzyiMfZIh08/nidp2BnUvt6RP+SnIRF8Lrt4DWNZUPn7i/QJm\nSVBREhFO2s27+JTxW0sS5pU68HuNzHFI5SA8s4x0+DGlkgQx1u4nxwDo5HGBonSR\nFpBJOnq9Xaack49KhJqqQ0Mq8BCUYkp4IQKCAQBXHpbfTUK3JY14IueKuLvVwpiR\nMLuvUWKZoUVao9s7FEuMUsoEXJ8flcsplMqjikdkMBNm18pm/WbMaA+s9C1yge87\nbHfkDFb9li+Kt9a5JHvYJyZIBNEjUTQpYtjnw0ynhWtCnTvTI9+aPw6ybwGCcwBm\niPrpkqIfq9KbqMtFqltIRJ9hYlt+3rXeVgT/Yu40PIe1AjUVdvfjrjqTJbXGJW0l\nKpvtx/eeodtYXab2xXBDz+TBGvZHxK0giNfzduSMQ/9OuqN700Z8g4l9aY5rO4RJ\nOphTf1vXhDvsUe3dPdsZCaEifwqa1hnsexJeoVqu7FRAobgZzw1Rk1Zmwpuv\n-----END RSA PRIVATE KEY-----\n",
      "type": "string",
      "sensitive": true
    },
    "private_subnet_ids": {
      "value": "subnet-091cf64a1c54eebb4 subnet-08a8a5dbe5cd0d083",
      "type": "string"
    },
    "route53_nameservers": {
      "value": [
        "ns-1255.awsdns-28.org",
        "ns-16.awsdns-02.com",
        "ns-1786.awsdns-31.co.uk",
        "ns-562.awsdns-06.net"
      ],
      "type": [
        "list",
        "string"
      ]
    },
    "web_public_ips": {
      "value": [
        "",
        ""
      ],
      "type": [
        "tuple",
        [
          "string",
          "string"
        ]
      ]
    }
  },
  "resources": [
    {
      "mode": "managed",
      "type": "aws_eip",
      "name": "nat_eip",
      "provider": "provider[\"registry.terraform.io/hashicorp/aws\"]",
      "instances": [
        {
          "schema_version": 0,
          "attributes": {
            "address": null,
            "allocation_id": "eipalloc-019de26156377049b",
            "arn": "arn:aws:ec2:eu-central-1:279826333202:elastic-ip/eipalloc-019de26156377049b",
            "associate_with_private_ip": null,
            "association_id": "eipassoc-04b9cb05dba57425c",
            "carrier_ip": "",
            "customer_owned_ip": "",
            "customer_owned_ipv4_pool": "",
            "domain": "vpc",
            "id": "eipalloc-019de26156377049b",
            "instance": "",
            "network_border_group": "eu-central-1",
            "network_interface": "eni-070541a3224498f7c",
            "private_dns": "ip-10-0-1-18.eu-central-1.compute.internal",
            "private_ip": "10.0.1.18",
            "ptr_record": "",
            "public_dns": "ec2-18-153-47-194.eu-central-1.compute.amazonaws.com",
            "public_ip": "18.153.47.194",
            "public_ipv4_pool": "amazon",
            "tags": {},
            "tags_all": {},
            "timeouts": null,
            "vpc": true
          },
          "sensitive_attributes": [],
          "private": "eyJlMmJmYjczMC1lY2FhLTExZTYtOGY4OC0zNDM2M2JjN2M0YzAiOnsiZGVsZXRlIjoxODAwMDAwMDAwMDAsInJlYWQiOjkwMDAwMDAwMDAwMCwidXBkYXRlIjozMDAwMDAwMDAwMDB9fQ==",
          "create_before_destroy": true
        }
      ]
    },
    {
      "mode": "managed",
      "type": "aws_instance",
      "name": "bastion",
      "provider": "provider[\"registry.terraform.io/hashicorp/aws\"]",
      "instances": [
        {
          "schema_version": 1,
          "attributes": {
            "ami": "ami-071878317c449ae48",
            "arn": "arn:aws:ec2:eu-central-1:279826333202:instance/i-03bebb9f0fd983459",
            "associate_public_ip_address": true,
            "availability_zone": "eu-central-1a",
            "capacity_reservation_specification": [
              {
                "capacity_reservation_preference": "open",
                "capacity_reservation_target": []
              }
            ],
            "cpu_core_count": 1,
            "cpu_options": [
              {
                "amd_sev_snp": "",
                "core_count": 1,
                "threads_per_core": 1
              }
            ],
            "cpu_threads_per_core": 1,
            "credit_specification": [
              {
                "cpu_credits": "standard"
              }
            ],
            "disable_api_stop": false,
            "disable_api_termination": false,
            "ebs_block_device": [],
            "ebs_optimized": false,
            "enclave_options": [
              {
                "enabled": false
              }
            ],
            "ephemeral_block_device": [],
            "get_password_data": false,
            "hibernation": false,
            "host_id": "",
            "host_resource_group_arn": null,
            "iam_instance_profile": "",
            "id": "i-03bebb9f0fd983459",
            "instance_initiated_shutdown_behavior": "stop",
            "instance_lifecycle": "",
            "instance_market_options": [],
            "instance_state": "running",
            "instance_type": "t2.micro",
            "ipv6_address_count": 0,
            "ipv6_addresses": [],
            "key_name": "final_project_key",
            "launch_template": [],
            "maintenance_options": [
              {
                "auto_recovery": "default"
              }
            ],
            "metadata_options": [
              {
                "http_endpoint": "enabled",
                "http_protocol_ipv6": "disabled",
                "http_put_response_hop_limit": 2,
                "http_tokens": "required",
                "instance_metadata_tags": "disabled"
              }
            ],
            "monitoring": false,
            "network_interface": [],
            "outpost_arn": "",
            "password_data": "",
            "placement_group": "",
            "placement_partition_number": 0,
            "primary_network_interface_id": "eni-06070df4b7f5b21ca",
            "private_dns": "ip-10-0-1-95.eu-central-1.compute.internal",
            "private_dns_name_options": [
              {
                "enable_resource_name_dns_a_record": false,
                "enable_resource_name_dns_aaaa_record": false,
                "hostname_type": "ip-name"
              }
            ],
            "private_ip": "10.0.1.95",
            "public_dns": "ec2-18-194-137-91.eu-central-1.compute.amazonaws.com",
            "public_ip": "18.194.137.91",
            "root_block_device": [
              {
                "delete_on_termination": true,
                "device_name": "/dev/xvda",
                "encrypted": false,
                "iops": 3000,
                "kms_key_id": "",
                "tags": {},
                "tags_all": {},
                "throughput": 125,
                "volume_id": "vol-0fb85c0ec3c59bf81",
                "volume_size": 8,
                "volume_type": "gp3"
              }
            ],
            "secondary_private_ips": [],
            "security_groups": [
              "sg-013c7343555fb85a8"
            ],
            "source_dest_check": true,
            "spot_instance_request_id": "",
            "subnet_id": "subnet-0ae52f8d384642da7",
            "tags": {
              "Name": "bastion-host"
            },
            "tags_all": {
              "Name": "bastion-host"
            },
            "tenancy": "default",
            "timeouts": null,
            "user_data": null,
            "user_data_base64": null,
            "user_data_replace_on_change": false,
            "volume_tags": null,
            "vpc_security_group_ids": [
              "sg-013c7343555fb85a8"
            ]
          },
          "sensitive_attributes": [],
          "private": "eyJlMmJmYjczMC1lY2FhLTExZTYtOGY4OC0zNDM2M2JjN2M0YzAiOnsiY3JlYXRlIjo2MDAwMDAwMDAwMDAsImRlbGV0ZSI6MTIwMDAwMDAwMDAwMCwicmVhZCI6OTAwMDAwMDAwMDAwLCJ1cGRhdGUiOjYwMDAwMDAwMDAwMH0sInNjaGVtYV92ZXJzaW9uIjoiMSJ9",
          "dependencies": [
            "aws_key_pair.final_project_key",
            "aws_security_group.alb_sg",
            "aws_security_group.ec2_sg",
            "aws_subnet.public_subnet_1",
            "aws_vpc.final_project",
            "tls_private_key.final_project_key"
          ],
          "create_before_destroy": true
        }
      ]
    },
    {
      "mode": "managed",
      "type": "aws_instance",
      "name": "final_web",
      "provider": "provider[\"registry.terraform.io/hashicorp/aws\"]",
      "instances": [
        {
          "index_key": 0,
          "schema_version": 1,
          "attributes": {
            "ami": "ami-071878317c449ae48",
            "arn": "arn:aws:ec2:eu-central-1:279826333202:instance/i-045eb6ddf93eb1d91",
            "associate_public_ip_address": false,
            "availability_zone": "eu-central-1a",
            "capacity_reservation_specification": [
              {
                "capacity_reservation_preference": "open",
                "capacity_reservation_target": []
              }
            ],
            "cpu_core_count": 1,
            "cpu_options": [
              {
                "amd_sev_snp": "",
                "core_count": 1,
                "threads_per_core": 1
              }
            ],
            "cpu_threads_per_core": 1,
            "credit_specification": [
              {
                "cpu_credits": "standard"
              }
            ],
            "disable_api_stop": false,
            "disable_api_termination": false,
            "ebs_block_device": [],
            "ebs_optimized": false,
            "enclave_options": [
              {
                "enabled": false
              }
            ],
            "ephemeral_block_device": [],
            "get_password_data": false,
            "hibernation": false,
            "host_id": "",
            "host_resource_group_arn": null,
            "iam_instance_profile": "",
            "id": "i-045eb6ddf93eb1d91",
            "instance_initiated_shutdown_behavior": "stop",
            "instance_lifecycle": "",
            "instance_market_options": [],
            "instance_state": "running",
            "instance_type": "t2.micro",
            "ipv6_address_count": 0,
            "ipv6_addresses": [],
            "key_name": "final_project_key",
            "launch_template": [],
            "maintenance_options": [
              {
                "auto_recovery": "default"
              }
            ],
            "metadata_options": [
              {
                "http_endpoint": "enabled",
                "http_protocol_ipv6": "disabled",
                "http_put_response_hop_limit": 2,
                "http_tokens": "required",
                "instance_metadata_tags": "disabled"
              }
            ],
            "monitoring": false,
            "network_interface": [],
            "outpost_arn": "",
            "password_data": "",
            "placement_group": "",
            "placement_partition_number": 0,
            "primary_network_interface_id": "eni-047f8411de829d882",
            "private_dns": "ip-10-0-5-50.eu-central-1.compute.internal",
            "private_dns_name_options": [
              {
                "enable_resource_name_dns_a_record": false,
                "enable_resource_name_dns_aaaa_record": false,
                "hostname_type": "ip-name"
              }
            ],
            "private_ip": "10.0.5.50",
            "public_dns": "",
            "public_ip": "",
            "root_block_device": [
              {
                "delete_on_termination": true,
                "device_name": "/dev/xvda",
                "encrypted": false,
                "iops": 3000,
                "kms_key_id": "",
                "tags": {},
                "tags_all": {},
                "throughput": 125,
                "volume_id": "vol-00c96014004d27ede",
                "volume_size": 8,
                "volume_type": "gp3"
              }
            ],
            "secondary_private_ips": [],
            "security_groups": [
              "sg-013c7343555fb85a8"
            ],
            "source_dest_check": true,
            "spot_instance_request_id": "",
            "subnet_id": "subnet-091cf64a1c54eebb4",
            "tags": {
              "Name": "final-web-instance-1"
            },
            "tags_all": {
              "Name": "final-web-instance-1"
            },
            "tenancy": "default",
            "timeouts": null,
            "user_data": "24e2f067b54e5ef4ca8752f7c9f57775c964709d",
            "user_data_base64": null,
            "user_data_replace_on_change": false,
            "volume_tags": null,
            "vpc_security_group_ids": [
              "sg-013c7343555fb85a8"
            ]
          },
          "sensitive_attributes": [],
          "private": "eyJlMmJmYjczMC1lY2FhLTExZTYtOGY4OC0zNDM2M2JjN2M0YzAiOnsiY3JlYXRlIjo2MDAwMDAwMDAwMDAsImRlbGV0ZSI6MTIwMDAwMDAwMDAwMCwicmVhZCI6OTAwMDAwMDAwMDAwLCJ1cGRhdGUiOjYwMDAwMDAwMDAwMH0sInNjaGVtYV92ZXJzaW9uIjoiMSJ9",
          "dependencies": [
            "aws_eip.nat_eip",
            "aws_instance.bastion",
            "aws_internet_gateway.final_project_igw",
            "aws_key_pair.final_project_key",
            "aws_lb.final_project_alb",
            "aws_nat_gateway.final_project_nat",
            "aws_security_group.alb_sg",
            "aws_security_group.ec2_sg",
            "aws_subnet.private_subnet_1",
            "aws_subnet.private_subnet_2",
            "aws_subnet.public_subnet_1",
            "aws_subnet.public_subnet_2",
            "aws_vpc.final_project",
            "tls_private_key.final_project_key"
          ],
          "create_before_destroy": true
        },
        {
          "index_key": 1,
          "schema_version": 1,
          "attributes": {
            "ami": "ami-071878317c449ae48",
            "arn": "arn:aws:ec2:eu-central-1:279826333202:instance/i-0c2fbcc30fe1f2edd",
            "associate_public_ip_address": false,
            "availability_zone": "eu-central-1b",
            "capacity_reservation_specification": [
              {
                "capacity_reservation_preference": "open",
                "capacity_reservation_target": []
              }
            ],
            "cpu_core_count": 1,
            "cpu_options": [
              {
                "amd_sev_snp": "",
                "core_count": 1,
                "threads_per_core": 1
              }
            ],
            "cpu_threads_per_core": 1,
            "credit_specification": [
              {
                "cpu_credits": "standard"
              }
            ],
            "disable_api_stop": false,
            "disable_api_termination": false,
            "ebs_block_device": [],
            "ebs_optimized": false,
            "enclave_options": [
              {
                "enabled": false
              }
            ],
            "ephemeral_block_device": [],
            "get_password_data": false,
            "hibernation": false,
            "host_id": "",
            "host_resource_group_arn": null,
            "iam_instance_profile": "",
            "id": "i-0c2fbcc30fe1f2edd",
            "instance_initiated_shutdown_behavior": "stop",
            "instance_lifecycle": "",
            "instance_market_options": [],
            "instance_state": "running",
            "instance_type": "t2.micro",
            "ipv6_address_count": 0,
            "ipv6_addresses": [],
            "key_name": "final_project_key",
            "launch_template": [],
            "maintenance_options": [
              {
                "auto_recovery": "default"
              }
            ],
            "metadata_options": [
              {
                "http_endpoint": "enabled",
                "http_protocol_ipv6": "disabled",
                "http_put_response_hop_limit": 2,
                "http_tokens": "required",
                "instance_metadata_tags": "disabled"
              }
            ],
            "monitoring": false,
            "network_interface": [],
            "outpost_arn": "",
            "password_data": "",
            "placement_group": "",
            "placement_partition_number": 0,
            "primary_network_interface_id": "eni-071854bd1de94ba82",
            "private_dns": "ip-10-0-6-93.eu-central-1.compute.internal",
            "private_dns_name_options": [
              {
                "enable_resource_name_dns_a_record": false,
                "enable_resource_name_dns_aaaa_record": false,
                "hostname_type": "ip-name"
              }
            ],
            "private_ip": "10.0.6.93",
            "public_dns": "",
            "public_ip": "",
            "root_block_device": [
              {
                "delete_on_termination": true,
                "device_name": "/dev/xvda",
                "encrypted": false,
                "iops": 3000,
                "kms_key_id": "",
                "tags": {},
                "tags_all": {},
                "throughput": 125,
                "volume_id": "vol-08e1ff5c56dff4a99",
                "volume_size": 8,
                "volume_type": "gp3"
              }
            ],
            "secondary_private_ips": [],
            "security_groups": [
              "sg-013c7343555fb85a8"
            ],
            "source_dest_check": true,
            "spot_instance_request_id": "",
            "subnet_id": "subnet-08a8a5dbe5cd0d083",
            "tags": {
              "Name": "final-web-instance-2"
            },
            "tags_all": {
              "Name": "final-web-instance-2"
            },
            "tenancy": "default",
            "timeouts": null,
            "user_data": "24e2f067b54e5ef4ca8752f7c9f57775c964709d",
            "user_data_base64": null,
            "user_data_replace_on_change": false,
            "volume_tags": null,
            "vpc_security_group_ids": [
              "sg-013c7343555fb85a8"
            ]
          },
          "sensitive_attributes": [],
          "private": "eyJlMmJmYjczMC1lY2FhLTExZTYtOGY4OC0zNDM2M2JjN2M0YzAiOnsiY3JlYXRlIjo2MDAwMDAwMDAwMDAsImRlbGV0ZSI6MTIwMDAwMDAwMDAwMCwicmVhZCI6OTAwMDAwMDAwMDAwLCJ1cGRhdGUiOjYwMDAwMDAwMDAwMH0sInNjaGVtYV92ZXJzaW9uIjoiMSJ9",
          "dependencies": [
            "aws_eip.nat_eip",
            "aws_instance.bastion",
            "aws_internet_gateway.final_project_igw",
            "aws_key_pair.final_project_key",
            "aws_lb.final_project_alb",
            "aws_nat_gateway.final_project_nat",
            "aws_security_group.alb_sg",
            "aws_security_group.ec2_sg",
            "aws_subnet.private_subnet_1",
            "aws_subnet.private_subnet_2",
            "aws_subnet.public_subnet_1",
            "aws_subnet.public_subnet_2",
            "aws_vpc.final_project",
            "tls_private_key.final_project_key"
          ],
          "create_before_destroy": true
        }
      ]
    },
    {
      "mode": "managed",
      "type": "aws_internet_gateway",
      "name": "final_project_igw",
      "provider": "provider[\"registry.terraform.io/hashicorp/aws\"]",
      "instances": [
        {
          "schema_version": 0,
          "attributes": {
            "arn": "arn:aws:ec2:eu-central-1:279826333202:internet-gateway/igw-0ebad19bc173b91f7",
            "id": "igw-0ebad19bc173b91f7",
            "owner_id": "279826333202",
            "tags": {
              "Name": "final-project-igw"
            },
            "tags_all": {
              "Name": "final-project-igw"
            },
            "timeouts": null,
            "vpc_id": "vpc-02d4c098d43cea3bc"
          },
          "sensitive_attributes": [],
          "private": "eyJlMmJmYjczMC1lY2FhLTExZTYtOGY4OC0zNDM2M2JjN2M0YzAiOnsiY3JlYXRlIjoxMjAwMDAwMDAwMDAwLCJkZWxldGUiOjEyMDAwMDAwMDAwMDAsInVwZGF0ZSI6MTIwMDAwMDAwMDAwMH19",
          "dependencies": [
            "aws_vpc.final_project"
          ],
          "create_before_destroy": true
        }
      ]
    },
    {
      "mode": "managed",
      "type": "aws_key_pair",
      "name": "final_project_key",
      "provider": "provider[\"registry.terraform.io/hashicorp/aws\"]",
      "instances": [
        {
          "schema_version": 1,
          "attributes": {
            "arn": "arn:aws:ec2:eu-central-1:279826333202:key-pair/final_project_key",
            "fingerprint": "5c:49:a8:c8:0b:89:21:19:c0:51:0a:61:43:e4:a0:95",
            "id": "final_project_key",
            "key_name": "final_project_key",
            "key_name_prefix": "",
            "key_pair_id": "key-057fa39a737deb670",
            "key_type": "rsa",
            "public_key": "ssh-rsa AAAAB3NzaC1yc2EAAAADAQABAAACAQC3IlthoI5kmbbKYk8Dst+QKdmAKCchS8Klaqh/L5jCJHMSzN0lv9FQtwFvmpz9sTjZBaeaFlg6qTpg9GJ0QoHwErnhMVTEle4GzXRm2M2RjvqfLHxLnsu/NhsmdfluueAfNN5iH91dNQ1bBz0/aKBQNweCdK+/jffH2FHKC5zeR3dFkaJb2F/qPoPOM2WPQ0NmkhxWgvO7ivTxQWUBYicDM70kqdK8T9UovJQw9ZZv6Uc1druTl7Ond6t8oOKBi4p4gKRx7hb75Rl/PN9G/tzelw1z05ADEtutIfXZ4QpI1hfAD291+OZdvteTIpggWBDCYplWZqwgQ6t0fyQyaaRiFqR64M1XyeaSqgdHsSyWJU4x+Jk0ipsQ0oC+x5Eg8WlKwsBzsx+CKIE0Hn5D/o//Gj1X1YxL4S/hJU8ywV2PJfI7At2ZMZjik1RKmyCsMCbPw6ChETHBg0lsZpKItRJLUNT/bhP0U5SFnFjQu7MNMPTTyOxvmW+19EtizEpsoWV3NHNrAJ0VU/ZG69kADgsj4OWkSgXM+tFsqBvXpKiz2qcNGMiNz+3r8sNjWHFa3YbbMoRNG+46Fk5RiV/LrWbLCgZyGBobjt+bLS1cG7wRfv1IVLZx8Whlt8qE00DElB1g6njv/c+kHIeuXWlCvya459RgeltIla0xgr73Sagm5w==",
            "tags": {},
            "tags_all": {}
          },
          "sensitive_attributes": [],
          "private": "eyJzY2hlbWFfdmVyc2lvbiI6IjEifQ==",
          "dependencies": [
            "tls_private_key.final_project_key"
          ],
          "create_before_destroy": true
        }
      ]
    },
    {
      "mode": "managed",
      "type": "aws_lb",
      "name": "final_project_alb",
      "provider": "provider[\"registry.terraform.io/hashicorp/aws\"]",
      "instances": [
        {
          "schema_version": 0,
          "attributes": {
            "access_logs": [
              {
                "bucket": "",
                "enabled": false,
                "prefix": ""
              }
            ],
            "arn": "arn:aws:elasticloadbalancing:eu-central-1:279826333202:loadbalancer/app/final-project-alb/e946d48adcec14db",
            "arn_suffix": "app/final-project-alb/e946d48adcec14db",
            "client_keep_alive": 3600,
            "connection_logs": [
              {
                "bucket": "",
                "enabled": false,
                "prefix": ""
              }
            ],
            "customer_owned_ipv4_pool": "",
            "desync_mitigation_mode": "defensive",
            "dns_name": "final-project-alb-1532280437.eu-central-1.elb.amazonaws.com",
            "dns_record_client_routing_policy": null,
            "drop_invalid_header_fields": false,
            "enable_cross_zone_load_balancing": true,
            "enable_deletion_protection": false,
            "enable_http2": true,
            "enable_tls_version_and_cipher_suite_headers": false,
            "enable_waf_fail_open": false,
            "enable_xff_client_port": false,
            "enforce_security_group_inbound_rules_on_private_link_traffic": "",
            "id": "arn:aws:elasticloadbalancing:eu-central-1:279826333202:loadbalancer/app/final-project-alb/e946d48adcec14db",
            "idle_timeout": 60,
            "internal": false,
            "ip_address_type": "ipv4",
            "load_balancer_type": "application",
            "name": "final-project-alb",
            "name_prefix": "",
            "preserve_host_header": false,
            "security_groups": [
              "sg-0ac3d1261e0e24c75"
            ],
            "subnet_mapping": [
              {
                "allocation_id": "",
                "ipv6_address": "",
                "outpost_id": "",
                "private_ipv4_address": "",
                "subnet_id": "subnet-00f54c4a546055b11"
              },
              {
                "allocation_id": "",
                "ipv6_address": "",
                "outpost_id": "",
                "private_ipv4_address": "",
                "subnet_id": "subnet-0ae52f8d384642da7"
              }
            ],
            "subnets": [
              "subnet-00f54c4a546055b11",
              "subnet-0ae52f8d384642da7"
            ],
            "tags": {
              "Name": "final-project-alb"
            },
            "tags_all": {
              "Name": "final-project-alb"
            },
            "timeouts": null,
            "vpc_id": "vpc-02d4c098d43cea3bc",
            "xff_header_processing_mode": "append",
            "zone_id": "Z215JYRZR1TBD5"
          },
          "sensitive_attributes": [],
          "private": "eyJlMmJmYjczMC1lY2FhLTExZTYtOGY4OC0zNDM2M2JjN2M0YzAiOnsiY3JlYXRlIjo2MDAwMDAwMDAwMDAsImRlbGV0ZSI6NjAwMDAwMDAwMDAwLCJ1cGRhdGUiOjYwMDAwMDAwMDAwMH19",
          "dependencies": [
            "aws_security_group.alb_sg",
            "aws_subnet.public_subnet_1",
            "aws_subnet.public_subnet_2",
            "aws_vpc.final_project"
          ],
          "create_before_destroy": true
        }
      ]
    },
    {
      "mode": "managed",
      "type": "aws_lb_listener",
      "name": "http_listener",
      "provider": "provider[\"registry.terraform.io/hashicorp/aws\"]",
      "instances": [
        {
          "schema_version": 0,
          "attributes": {
            "alpn_policy": null,
            "arn": "arn:aws:elasticloadbalancing:eu-central-1:279826333202:listener/app/final-project-alb/e946d48adcec14db/5ce55bd666c6c754",
            "certificate_arn": null,
            "default_action": [
              {
                "authenticate_cognito": [],
                "authenticate_oidc": [],
                "fixed_response": [],
                "forward": [],
                "order": 1,
                "redirect": [],
                "target_group_arn": "arn:aws:elasticloadbalancing:eu-central-1:279826333202:targetgroup/final-project-tg/3cb69bd221632476",
                "type": "forward"
              }
            ],
            "id": "arn:aws:elasticloadbalancing:eu-central-1:279826333202:listener/app/final-project-alb/e946d48adcec14db/5ce55bd666c6c754",
            "load_balancer_arn": "arn:aws:elasticloadbalancing:eu-central-1:279826333202:loadbalancer/app/final-project-alb/e946d48adcec14db",
            "mutual_authentication": [],
            "port": 80,
            "protocol": "HTTP",
            "ssl_policy": "",
            "tags": {},
            "tags_all": {},
            "timeouts": null
          },
          "sensitive_attributes": [],
          "private": "eyJlMmJmYjczMC1lY2FhLTExZTYtOGY4OC0zNDM2M2JjN2M0YzAiOnsiY3JlYXRlIjozMDAwMDAwMDAwMDAsInVwZGF0ZSI6MzAwMDAwMDAwMDAwfX0=",
          "dependencies": [
            "aws_lb.final_project_alb",
            "aws_lb_target_group.final_project_tg",
            "aws_security_group.alb_sg",
            "aws_subnet.public_subnet_1",
            "aws_subnet.public_subnet_2",
            "aws_vpc.final_project"
          ]
        }
      ]
    },
    {
      "mode": "managed",
      "type": "aws_lb_target_group",
      "name": "final_project_tg",
      "provider": "provider[\"registry.terraform.io/hashicorp/aws\"]",
      "instances": [
        {
          "schema_version": 0,
          "attributes": {
            "arn": "arn:aws:elasticloadbalancing:eu-central-1:279826333202:targetgroup/final-project-tg/3cb69bd221632476",
            "arn_suffix": "targetgroup/final-project-tg/3cb69bd221632476",
            "connection_termination": null,
            "deregistration_delay": "300",
            "health_check": [
              {
                "enabled": true,
                "healthy_threshold": 2,
                "interval": 30,
                "matcher": "200-399",
                "path": "/",
                "port": "traffic-port",
                "protocol": "HTTP",
                "timeout": 5,
                "unhealthy_threshold": 5
              }
            ],
            "id": "arn:aws:elasticloadbalancing:eu-central-1:279826333202:targetgroup/final-project-tg/3cb69bd221632476",
            "ip_address_type": "ipv4",
            "lambda_multi_value_headers_enabled": false,
            "load_balancer_arns": [
              "arn:aws:elasticloadbalancing:eu-central-1:279826333202:loadbalancer/app/final-project-alb/e946d48adcec14db"
            ],
            "load_balancing_algorithm_type": "round_robin",
            "load_balancing_anomaly_mitigation": "off",
            "load_balancing_cross_zone_enabled": "use_load_balancer_configuration",
            "name": "final-project-tg",
            "name_prefix": "",
            "port": 80,
            "preserve_client_ip": null,
            "protocol": "HTTP",
            "protocol_version": "HTTP1",
            "proxy_protocol_v2": false,
            "slow_start": 0,
            "stickiness": [
              {
                "cookie_duration": 86400,
                "cookie_name": "",
                "enabled": false,
                "type": "lb_cookie"
              }
            ],
            "tags": {
              "Name": "final-project-tg"
            },
            "tags_all": {
              "Name": "final-project-tg"
            },
            "target_failover": [
              {
                "on_deregistration": null,
                "on_unhealthy": null
              }
            ],
            "target_group_health": [
              {
                "dns_failover": [
                  {
                    "minimum_healthy_targets_count": "1",
                    "minimum_healthy_targets_percentage": "off"
                  }
                ],
                "unhealthy_state_routing": [
                  {
                    "minimum_healthy_targets_count": 1,
                    "minimum_healthy_targets_percentage": "off"
                  }
                ]
              }
            ],
            "target_health_state": [
              {
                "enable_unhealthy_connection_termination": null
              }
            ],
            "target_type": "instance",
            "vpc_id": "vpc-02d4c098d43cea3bc"
          },
          "sensitive_attributes": [],
          "private": "bnVsbA==",
          "dependencies": [
            "aws_vpc.final_project"
          ]
        }
      ]
    },
    {
      "mode": "managed",
      "type": "aws_lb_target_group_attachment",
      "name": "web_tg_attachment",
      "provider": "provider[\"registry.terraform.io/hashicorp/aws\"]",
      "instances": [
        {
          "index_key": 0,
          "schema_version": 0,
          "attributes": {
            "availability_zone": null,
            "id": "arn:aws:elasticloadbalancing:eu-central-1:279826333202:targetgroup/final-project-tg/3cb69bd221632476-20240724204712629700000004",
            "port": 80,
            "target_group_arn": "arn:aws:elasticloadbalancing:eu-central-1:279826333202:targetgroup/final-project-tg/3cb69bd221632476",
            "target_id": "i-045eb6ddf93eb1d91"
          },
          "sensitive_attributes": [],
          "private": "bnVsbA==",
          "dependencies": [
            "aws_eip.nat_eip",
            "aws_instance.bastion",
            "aws_instance.final_web",
            "aws_internet_gateway.final_project_igw",
            "aws_key_pair.final_project_key",
            "aws_lb.final_project_alb",
            "aws_lb_target_group.final_project_tg",
            "aws_nat_gateway.final_project_nat",
            "aws_security_group.alb_sg",
            "aws_security_group.ec2_sg",
            "aws_subnet.private_subnet_1",
            "aws_subnet.private_subnet_2",
            "aws_subnet.public_subnet_1",
            "aws_subnet.public_subnet_2",
            "aws_vpc.final_project",
            "tls_private_key.final_project_key"
          ]
        },
        {
          "index_key": 1,
          "schema_version": 0,
          "attributes": {
            "availability_zone": null,
            "id": "arn:aws:elasticloadbalancing:eu-central-1:279826333202:targetgroup/final-project-tg/3cb69bd221632476-20240724204712694600000005",
            "port": 80,
            "target_group_arn": "arn:aws:elasticloadbalancing:eu-central-1:279826333202:targetgroup/final-project-tg/3cb69bd221632476",
            "target_id": "i-0c2fbcc30fe1f2edd"
          },
          "sensitive_attributes": [],
          "private": "bnVsbA==",
          "dependencies": [
            "aws_eip.nat_eip",
            "aws_instance.bastion",
            "aws_instance.final_web",
            "aws_internet_gateway.final_project_igw",
            "aws_key_pair.final_project_key",
            "aws_lb.final_project_alb",
            "aws_lb_target_group.final_project_tg",
            "aws_nat_gateway.final_project_nat",
            "aws_security_group.alb_sg",
            "aws_security_group.ec2_sg",
            "aws_subnet.private_subnet_1",
            "aws_subnet.private_subnet_2",
            "aws_subnet.public_subnet_1",
            "aws_subnet.public_subnet_2",
            "aws_vpc.final_project",
            "tls_private_key.final_project_key"
          ]
        }
      ]
    },
    {
      "mode": "managed",
      "type": "aws_nat_gateway",
      "name": "final_project_nat",
      "provider": "provider[\"registry.terraform.io/hashicorp/aws\"]",
      "instances": [
        {
          "schema_version": 0,
          "attributes": {
            "allocation_id": "eipalloc-019de26156377049b",
            "association_id": "eipassoc-04b9cb05dba57425c",
            "connectivity_type": "public",
            "id": "nat-05e7380425ed63454",
            "network_interface_id": "eni-070541a3224498f7c",
            "private_ip": "10.0.1.18",
            "public_ip": "18.153.47.194",
            "secondary_allocation_ids": [],
            "secondary_private_ip_address_count": 0,
            "secondary_private_ip_addresses": [],
            "subnet_id": "subnet-0ae52f8d384642da7",
            "tags": {
              "Name": "final-project-nat"
            },
            "tags_all": {
              "Name": "final-project-nat"
            },
            "timeouts": null
          },
          "sensitive_attributes": [],
          "private": "eyJlMmJmYjczMC1lY2FhLTExZTYtOGY4OC0zNDM2M2JjN2M0YzAiOnsiY3JlYXRlIjo2MDAwMDAwMDAwMDAsImRlbGV0ZSI6MTgwMDAwMDAwMDAwMCwidXBkYXRlIjo2MDAwMDAwMDAwMDB9fQ==",
          "dependencies": [
            "aws_eip.nat_eip",
            "aws_internet_gateway.final_project_igw",
            "aws_subnet.public_subnet_1",
            "aws_vpc.final_project"
          ],
          "create_before_destroy": true
        }
      ]
    },
    {
      "mode": "managed",
      "type": "aws_route",
      "name": "private_rt_1_nat_route",
      "provider": "provider[\"registry.terraform.io/hashicorp/aws\"]",
      "instances": [
        {
          "schema_version": 0,
          "attributes": {
            "carrier_gateway_id": "",
            "core_network_arn": "",
            "destination_cidr_block": "0.0.0.0/0",
            "destination_ipv6_cidr_block": "",
            "destination_prefix_list_id": "",
            "egress_only_gateway_id": "",
            "gateway_id": "",
            "id": "r-rtb-03d48863a5e0a12bf1080289494",
            "instance_id": "",
            "instance_owner_id": "",
            "local_gateway_id": "",
            "nat_gateway_id": "nat-05e7380425ed63454",
            "network_interface_id": "",
            "origin": "CreateRoute",
            "route_table_id": "rtb-03d48863a5e0a12bf",
            "state": "active",
            "timeouts": null,
            "transit_gateway_id": "",
            "vpc_endpoint_id": "",
            "vpc_peering_connection_id": ""
          },
          "sensitive_attributes": [],
          "private": "eyJlMmJmYjczMC1lY2FhLTExZTYtOGY4OC0zNDM2M2JjN2M0YzAiOnsiY3JlYXRlIjozMDAwMDAwMDAwMDAsImRlbGV0ZSI6MzAwMDAwMDAwMDAwLCJ1cGRhdGUiOjEyMDAwMDAwMDAwMH19",
          "dependencies": [
            "aws_eip.nat_eip",
            "aws_internet_gateway.final_project_igw",
            "aws_nat_gateway.final_project_nat",
            "aws_route_table.private_rt_1",
            "aws_subnet.public_subnet_1",
            "aws_vpc.final_project"
          ]
        }
      ]
    },
    {
      "mode": "managed",
      "type": "aws_route",
      "name": "private_rt_2_nat_route",
      "provider": "provider[\"registry.terraform.io/hashicorp/aws\"]",
      "instances": [
        {
          "schema_version": 0,
          "attributes": {
            "carrier_gateway_id": "",
            "core_network_arn": "",
            "destination_cidr_block": "0.0.0.0/0",
            "destination_ipv6_cidr_block": "",
            "destination_prefix_list_id": "",
            "egress_only_gateway_id": "",
            "gateway_id": "",
            "id": "r-rtb-0256347426359c3171080289494",
            "instance_id": "",
            "instance_owner_id": "",
            "local_gateway_id": "",
            "nat_gateway_id": "nat-05e7380425ed63454",
            "network_interface_id": "",
            "origin": "CreateRoute",
            "route_table_id": "rtb-0256347426359c317",
            "state": "active",
            "timeouts": null,
            "transit_gateway_id": "",
            "vpc_endpoint_id": "",
            "vpc_peering_connection_id": ""
          },
          "sensitive_attributes": [],
          "private": "eyJlMmJmYjczMC1lY2FhLTExZTYtOGY4OC0zNDM2M2JjN2M0YzAiOnsiY3JlYXRlIjozMDAwMDAwMDAwMDAsImRlbGV0ZSI6MzAwMDAwMDAwMDAwLCJ1cGRhdGUiOjEyMDAwMDAwMDAwMH19",
          "dependencies": [
            "aws_eip.nat_eip",
            "aws_internet_gateway.final_project_igw",
            "aws_nat_gateway.final_project_nat",
            "aws_route_table.private_rt_2",
            "aws_subnet.public_subnet_1",
            "aws_vpc.final_project"
          ]
        }
      ]
    },
    {
      "mode": "managed",
      "type": "aws_route",
      "name": "public_igw_route",
      "provider": "provider[\"registry.terraform.io/hashicorp/aws\"]",
      "instances": [
        {
          "schema_version": 0,
          "attributes": {
            "carrier_gateway_id": "",
            "core_network_arn": "",
            "destination_cidr_block": "0.0.0.0/0",
            "destination_ipv6_cidr_block": "",
            "destination_prefix_list_id": "",
            "egress_only_gateway_id": "",
            "gateway_id": "igw-0ebad19bc173b91f7",
            "id": "r-rtb-0d5771a1dd17f11031080289494",
            "instance_id": "",
            "instance_owner_id": "",
            "local_gateway_id": "",
            "nat_gateway_id": "",
            "network_interface_id": "",
            "origin": "CreateRoute",
            "route_table_id": "rtb-0d5771a1dd17f1103",
            "state": "active",
            "timeouts": null,
            "transit_gateway_id": "",
            "vpc_endpoint_id": "",
            "vpc_peering_connection_id": ""
          },
          "sensitive_attributes": [],
          "private": "eyJlMmJmYjczMC1lY2FhLTExZTYtOGY4OC0zNDM2M2JjN2M0YzAiOnsiY3JlYXRlIjozMDAwMDAwMDAwMDAsImRlbGV0ZSI6MzAwMDAwMDAwMDAwLCJ1cGRhdGUiOjEyMDAwMDAwMDAwMH19",
          "dependencies": [
            "aws_internet_gateway.final_project_igw",
            "aws_route_table.public_rt",
            "aws_vpc.final_project"
          ]
        }
      ]
    },
    {
      "mode": "managed",
      "type": "aws_route53_record",
      "name": "final_project_record",
      "provider": "provider[\"registry.terraform.io/hashicorp/aws\"]",
      "instances": [
        {
          "schema_version": 2,
          "attributes": {
            "alias": [
              {
                "evaluate_target_health": true,
                "name": "final-project-alb-1532280437.eu-central-1.elb.amazonaws.com",
                "zone_id": "Z215JYRZR1TBD5"
              }
            ],
            "allow_overwrite": null,
            "cidr_routing_policy": [],
            "failover_routing_policy": [],
            "fqdn": "quizweb.online",
            "geolocation_routing_policy": [],
            "geoproximity_routing_policy": [],
            "health_check_id": "",
            "id": "Z0031469LA1MZKN47255_quizweb.online_A",
            "latency_routing_policy": [],
            "multivalue_answer_routing_policy": false,
            "name": "quizweb.online",
            "records": [],
            "set_identifier": "",
            "ttl": 0,
            "type": "A",
            "weighted_routing_policy": [],
            "zone_id": "Z0031469LA1MZKN47255"
          },
          "sensitive_attributes": [],
          "private": "eyJzY2hlbWFfdmVyc2lvbiI6IjIifQ==",
          "dependencies": [
            "aws_lb.final_project_alb",
            "aws_route53_zone.route53-zone",
            "aws_security_group.alb_sg",
            "aws_subnet.public_subnet_1",
            "aws_subnet.public_subnet_2",
            "aws_vpc.final_project"
          ]
        }
      ]
    },
    {
      "mode": "managed",
      "type": "aws_route53_zone",
      "name": "route53-zone",
      "provider": "provider[\"registry.terraform.io/hashicorp/aws\"]",
      "instances": [
        {
          "schema_version": 0,
          "attributes": {
            "arn": "arn:aws:route53:::hostedzone/Z0031469LA1MZKN47255",
            "comment": "Managed by Terraform",
            "delegation_set_id": "",
            "force_destroy": false,
            "id": "Z0031469LA1MZKN47255",
            "name": "quizweb.online",
            "name_servers": [
              "ns-1255.awsdns-28.org",
              "ns-16.awsdns-02.com",
              "ns-1786.awsdns-31.co.uk",
              "ns-562.awsdns-06.net"
            ],
            "primary_name_server": "ns-1255.awsdns-28.org",
            "tags": {},
            "tags_all": {},
            "vpc": [],
            "zone_id": "Z0031469LA1MZKN47255"
          },
          "sensitive_attributes": [],
          "private": "bnVsbA=="
        }
      ]
    },
    {
      "mode": "managed",
      "type": "aws_route_table",
      "name": "private_rt_1",
      "provider": "provider[\"registry.terraform.io/hashicorp/aws\"]",
      "instances": [
        {
          "schema_version": 0,
          "attributes": {
            "arn": "arn:aws:ec2:eu-central-1:279826333202:route-table/rtb-03d48863a5e0a12bf",
            "id": "rtb-03d48863a5e0a12bf",
            "owner_id": "279826333202",
            "propagating_vgws": [],
            "route": [
              {
                "carrier_gateway_id": "",
                "cidr_block": "0.0.0.0/0",
                "core_network_arn": "",
                "destination_prefix_list_id": "",
                "egress_only_gateway_id": "",
                "gateway_id": "",
                "ipv6_cidr_block": "",
                "local_gateway_id": "",
                "nat_gateway_id": "nat-05e7380425ed63454",
                "network_interface_id": "",
                "transit_gateway_id": "",
                "vpc_endpoint_id": "",
                "vpc_peering_connection_id": ""
              }
            ],
            "tags": {
              "Name": "private-rt-1-final-project"
            },
            "tags_all": {
              "Name": "private-rt-1-final-project"
            },
            "timeouts": null,
            "vpc_id": "vpc-02d4c098d43cea3bc"
          },
          "sensitive_attributes": [],
          "private": "eyJlMmJmYjczMC1lY2FhLTExZTYtOGY4OC0zNDM2M2JjN2M0YzAiOnsiY3JlYXRlIjozMDAwMDAwMDAwMDAsImRlbGV0ZSI6MzAwMDAwMDAwMDAwLCJ1cGRhdGUiOjEyMDAwMDAwMDAwMH19",
          "dependencies": [
            "aws_vpc.final_project"
          ]
        }
      ]
    },
    {
      "mode": "managed",
      "type": "aws_route_table",
      "name": "private_rt_2",
      "provider": "provider[\"registry.terraform.io/hashicorp/aws\"]",
      "instances": [
        {
          "schema_version": 0,
          "attributes": {
            "arn": "arn:aws:ec2:eu-central-1:279826333202:route-table/rtb-0256347426359c317",
            "id": "rtb-0256347426359c317",
            "owner_id": "279826333202",
            "propagating_vgws": [],
            "route": [
              {
                "carrier_gateway_id": "",
                "cidr_block": "0.0.0.0/0",
                "core_network_arn": "",
                "destination_prefix_list_id": "",
                "egress_only_gateway_id": "",
                "gateway_id": "",
                "ipv6_cidr_block": "",
                "local_gateway_id": "",
                "nat_gateway_id": "nat-05e7380425ed63454",
                "network_interface_id": "",
                "transit_gateway_id": "",
                "vpc_endpoint_id": "",
                "vpc_peering_connection_id": ""
              }
            ],
            "tags": {
              "Name": "private-rt-2-final-project"
            },
            "tags_all": {
              "Name": "private-rt-2-final-project"
            },
            "timeouts": null,
            "vpc_id": "vpc-02d4c098d43cea3bc"
          },
          "sensitive_attributes": [],
          "private": "eyJlMmJmYjczMC1lY2FhLTExZTYtOGY4OC0zNDM2M2JjN2M0YzAiOnsiY3JlYXRlIjozMDAwMDAwMDAwMDAsImRlbGV0ZSI6MzAwMDAwMDAwMDAwLCJ1cGRhdGUiOjEyMDAwMDAwMDAwMH19",
          "dependencies": [
            "aws_vpc.final_project"
          ]
        }
      ]
    },
    {
      "mode": "managed",
      "type": "aws_route_table",
      "name": "public_rt",
      "provider": "provider[\"registry.terraform.io/hashicorp/aws\"]",
      "instances": [
        {
          "schema_version": 0,
          "attributes": {
            "arn": "arn:aws:ec2:eu-central-1:279826333202:route-table/rtb-0d5771a1dd17f1103",
            "id": "rtb-0d5771a1dd17f1103",
            "owner_id": "279826333202",
            "propagating_vgws": [],
            "route": [
              {
                "carrier_gateway_id": "",
                "cidr_block": "0.0.0.0/0",
                "core_network_arn": "",
                "destination_prefix_list_id": "",
                "egress_only_gateway_id": "",
                "gateway_id": "igw-0ebad19bc173b91f7",
                "ipv6_cidr_block": "",
                "local_gateway_id": "",
                "nat_gateway_id": "",
                "network_interface_id": "",
                "transit_gateway_id": "",
                "vpc_endpoint_id": "",
                "vpc_peering_connection_id": ""
              }
            ],
            "tags": {
              "Name": "public-rt-final-project"
            },
            "tags_all": {
              "Name": "public-rt-final-project"
            },
            "timeouts": null,
            "vpc_id": "vpc-02d4c098d43cea3bc"
          },
          "sensitive_attributes": [],
          "private": "eyJlMmJmYjczMC1lY2FhLTExZTYtOGY4OC0zNDM2M2JjN2M0YzAiOnsiY3JlYXRlIjozMDAwMDAwMDAwMDAsImRlbGV0ZSI6MzAwMDAwMDAwMDAwLCJ1cGRhdGUiOjEyMDAwMDAwMDAwMH19",
          "dependencies": [
            "aws_vpc.final_project"
          ]
        }
      ]
    },
    {
      "mode": "managed",
      "type": "aws_route_table_association",
      "name": "private_rt_assoc_1",
      "provider": "provider[\"registry.terraform.io/hashicorp/aws\"]",
      "instances": [
        {
          "schema_version": 0,
          "attributes": {
            "gateway_id": "",
            "id": "rtbassoc-0adf4fe16dd55cf73",
            "route_table_id": "rtb-03d48863a5e0a12bf",
            "subnet_id": "subnet-091cf64a1c54eebb4",
            "timeouts": null
          },
          "sensitive_attributes": [],
          "private": "eyJlMmJmYjczMC1lY2FhLTExZTYtOGY4OC0zNDM2M2JjN2M0YzAiOnsiY3JlYXRlIjozMDAwMDAwMDAwMDAsImRlbGV0ZSI6MzAwMDAwMDAwMDAwLCJ1cGRhdGUiOjEyMDAwMDAwMDAwMH19",
          "dependencies": [
            "aws_route_table.private_rt_1",
            "aws_subnet.private_subnet_1",
            "aws_vpc.final_project"
          ]
        }
      ]
    },
    {
      "mode": "managed",
      "type": "aws_route_table_association",
      "name": "private_rt_assoc_2",
      "provider": "provider[\"registry.terraform.io/hashicorp/aws\"]",
      "instances": [
        {
          "schema_version": 0,
          "attributes": {
            "gateway_id": "",
            "id": "rtbassoc-0f9ef3c300b17fcaf",
            "route_table_id": "rtb-0256347426359c317",
            "subnet_id": "subnet-08a8a5dbe5cd0d083",
            "timeouts": null
          },
          "sensitive_attributes": [],
          "private": "eyJlMmJmYjczMC1lY2FhLTExZTYtOGY4OC0zNDM2M2JjN2M0YzAiOnsiY3JlYXRlIjozMDAwMDAwMDAwMDAsImRlbGV0ZSI6MzAwMDAwMDAwMDAwLCJ1cGRhdGUiOjEyMDAwMDAwMDAwMH19",
          "dependencies": [
            "aws_route_table.private_rt_2",
            "aws_subnet.private_subnet_2",
            "aws_vpc.final_project"
          ]
        }
      ]
    },
    {
      "mode": "managed",
      "type": "aws_route_table_association",
      "name": "public_rt_assoc_1",
      "provider": "provider[\"registry.terraform.io/hashicorp/aws\"]",
      "instances": [
        {
          "schema_version": 0,
          "attributes": {
            "gateway_id": "",
            "id": "rtbassoc-0ae0c8ce6db7147bc",
            "route_table_id": "rtb-0d5771a1dd17f1103",
            "subnet_id": "subnet-0ae52f8d384642da7",
            "timeouts": null
          },
          "sensitive_attributes": [],
          "private": "eyJlMmJmYjczMC1lY2FhLTExZTYtOGY4OC0zNDM2M2JjN2M0YzAiOnsiY3JlYXRlIjozMDAwMDAwMDAwMDAsImRlbGV0ZSI6MzAwMDAwMDAwMDAwLCJ1cGRhdGUiOjEyMDAwMDAwMDAwMH19",
          "dependencies": [
            "aws_route_table.public_rt",
            "aws_subnet.public_subnet_1",
            "aws_vpc.final_project"
          ]
        }
      ]
    },
    {
      "mode": "managed",
      "type": "aws_route_table_association",
      "name": "public_rt_assoc_2",
      "provider": "provider[\"registry.terraform.io/hashicorp/aws\"]",
      "instances": [
        {
          "schema_version": 0,
          "attributes": {
            "gateway_id": "",
            "id": "rtbassoc-0d8d8fa80f03d6e74",
            "route_table_id": "rtb-0d5771a1dd17f1103",
            "subnet_id": "subnet-00f54c4a546055b11",
            "timeouts": null
          },
          "sensitive_attributes": [],
          "private": "eyJlMmJmYjczMC1lY2FhLTExZTYtOGY4OC0zNDM2M2JjN2M0YzAiOnsiY3JlYXRlIjozMDAwMDAwMDAwMDAsImRlbGV0ZSI6MzAwMDAwMDAwMDAwLCJ1cGRhdGUiOjEyMDAwMDAwMDAwMH19",
          "dependencies": [
            "aws_route_table.public_rt",
            "aws_subnet.public_subnet_2",
            "aws_vpc.final_project"
          ]
        }
      ]
    },
    {
      "mode": "managed",
      "type": "aws_security_group",
      "name": "alb_sg",
      "provider": "provider[\"registry.terraform.io/hashicorp/aws\"]",
      "instances": [
        {
          "schema_version": 1,
          "attributes": {
            "arn": "arn:aws:ec2:eu-central-1:279826333202:security-group/sg-0ac3d1261e0e24c75",
            "description": "Security group for ALB",
            "egress": [
              {
                "cidr_blocks": [
                  "0.0.0.0/0"
                ],
                "description": "",
                "from_port": 0,
                "ipv6_cidr_blocks": [],
                "prefix_list_ids": [],
                "protocol": "-1",
                "security_groups": [],
                "self": false,
                "to_port": 0
              }
            ],
            "id": "sg-0ac3d1261e0e24c75",
            "ingress": [
              {
                "cidr_blocks": [
                  "0.0.0.0/0"
                ],
                "description": "",
                "from_port": 443,
                "ipv6_cidr_blocks": [],
                "prefix_list_ids": [],
                "protocol": "tcp",
                "security_groups": [],
                "self": false,
                "to_port": 443
              },
              {
                "cidr_blocks": [
                  "0.0.0.0/0"
                ],
                "description": "",
                "from_port": 80,
                "ipv6_cidr_blocks": [],
                "prefix_list_ids": [],
                "protocol": "tcp",
                "security_groups": [],
                "self": false,
                "to_port": 80
              }
            ],
            "name": "terraform-20240724152529734700000005",
            "name_prefix": "terraform-",
            "owner_id": "279826333202",
            "revoke_rules_on_delete": false,
            "tags": {
              "Name": "final-project-alb-sg"
            },
            "tags_all": {
              "Name": "final-project-alb-sg"
            },
            "timeouts": null,
            "vpc_id": "vpc-02d4c098d43cea3bc"
          },
          "sensitive_attributes": [],
          "private": "eyJlMmJmYjczMC1lY2FhLTExZTYtOGY4OC0zNDM2M2JjN2M0YzAiOnsiY3JlYXRlIjo2MDAwMDAwMDAwMDAsImRlbGV0ZSI6OTAwMDAwMDAwMDAwfSwic2NoZW1hX3ZlcnNpb24iOiIxIn0=",
          "dependencies": [
            "aws_vpc.final_project"
          ],
          "create_before_destroy": true
        }
      ]
    },
    {
      "mode": "managed",
      "type": "aws_security_group",
      "name": "ec2_sg",
      "provider": "provider[\"registry.terraform.io/hashicorp/aws\"]",
      "instances": [
        {
          "schema_version": 1,
          "attributes": {
            "arn": "arn:aws:ec2:eu-central-1:279826333202:security-group/sg-013c7343555fb85a8",
            "description": "Security group for EC2 instances",
            "egress": [
              {
                "cidr_blocks": [
                  "0.0.0.0/0"
                ],
                "description": "",
                "from_port": 0,
                "ipv6_cidr_blocks": [],
                "prefix_list_ids": [],
                "protocol": "-1",
                "security_groups": [],
                "self": false,
                "to_port": 0
              }
            ],
            "id": "sg-013c7343555fb85a8",
            "ingress": [
              {
                "cidr_blocks": [
                  "0.0.0.0/0"
                ],
                "description": "",
                "from_port": 22,
                "ipv6_cidr_blocks": [],
                "prefix_list_ids": [],
                "protocol": "tcp",
                "security_groups": [],
                "self": false,
                "to_port": 22
              },
              {
                "cidr_blocks": [
                  "0.0.0.0/0"
                ],
                "description": null,
                "from_port": 8080,
                "ipv6_cidr_blocks": [],
                "prefix_list_ids": [],
                "protocol": "tcp",
                "security_groups": [],
                "self": false,
                "to_port": 8080
              },
              {
                "cidr_blocks": [],
                "description": null,
                "from_port": 80,
                "ipv6_cidr_blocks": [],
                "prefix_list_ids": [],
                "protocol": "tcp",
                "security_groups": [
                  "sg-0ac3d1261e0e24c75"
                ],
                "self": false,
                "to_port": 80
              }
            ],
            "name": "terraform-20240724152532432800000006",
            "name_prefix": "terraform-",
            "owner_id": "279826333202",
            "revoke_rules_on_delete": false,
            "tags": {
              "Name": "final-project-ec2-sg"
            },
            "tags_all": {
              "Name": "final-project-ec2-sg"
            },
            "timeouts": null,
            "vpc_id": "vpc-02d4c098d43cea3bc"
          },
          "sensitive_attributes": [],
          "private": "eyJlMmJmYjczMC1lY2FhLTExZTYtOGY4OC0zNDM2M2JjN2M0YzAiOnsiY3JlYXRlIjo2MDAwMDAwMDAwMDAsImRlbGV0ZSI6OTAwMDAwMDAwMDAwfSwic2NoZW1hX3ZlcnNpb24iOiIxIn0=",
          "dependencies": [
            "aws_security_group.alb_sg",
            "aws_vpc.final_project"
          ],
          "create_before_destroy": true
        }
      ]
    },
    {
      "mode": "managed",
      "type": "aws_security_group_rule",
      "name": "allow_ssh_from_bastion",
      "provider": "provider[\"registry.terraform.io/hashicorp/aws\"]",
      "instances": [
        {
          "schema_version": 2,
          "attributes": {
            "cidr_blocks": null,
            "description": "",
            "from_port": 22,
            "id": "sgrule-80969562",
            "ipv6_cidr_blocks": null,
            "prefix_list_ids": null,
            "protocol": "tcp",
            "security_group_id": "sg-013c7343555fb85a8",
            "security_group_rule_id": "sgr-0ad479f720facd03f",
            "self": false,
            "source_security_group_id": "sg-013c7343555fb85a8",
            "timeouts": null,
            "to_port": 22,
            "type": "ingress"
          },
          "sensitive_attributes": [],
          "private": "eyJlMmJmYjczMC1lY2FhLTExZTYtOGY4OC0zNDM2M2JjN2M0YzAiOnsiY3JlYXRlIjozMDAwMDAwMDAwMDB9LCJzY2hlbWFfdmVyc2lvbiI6IjIifQ==",
          "dependencies": [
            "aws_security_group.alb_sg",
            "aws_security_group.ec2_sg",
            "aws_vpc.final_project"
          ]
        }
      ]
    },
    {
      "mode": "managed",
      "type": "aws_subnet",
      "name": "private_subnet_1",
      "provider": "provider[\"registry.terraform.io/hashicorp/aws\"]",
      "instances": [
        {
          "schema_version": 1,
          "attributes": {
            "arn": "arn:aws:ec2:eu-central-1:279826333202:subnet/subnet-091cf64a1c54eebb4",
            "assign_ipv6_address_on_creation": false,
            "availability_zone": "eu-central-1a",
            "availability_zone_id": "euc1-az2",
            "cidr_block": "10.0.5.0/24",
            "customer_owned_ipv4_pool": "",
            "enable_dns64": false,
            "enable_lni_at_device_index": 0,
            "enable_resource_name_dns_a_record_on_launch": false,
            "enable_resource_name_dns_aaaa_record_on_launch": false,
            "id": "subnet-091cf64a1c54eebb4",
            "ipv6_cidr_block": "",
            "ipv6_cidr_block_association_id": "",
            "ipv6_native": false,
            "map_customer_owned_ip_on_launch": false,
            "map_public_ip_on_launch": false,
            "outpost_arn": "",
            "owner_id": "279826333202",
            "private_dns_hostname_type_on_launch": "ip-name",
            "tags": {
              "Name": "private-subnet-1"
            },
            "tags_all": {
              "Name": "private-subnet-1"
            },
            "timeouts": null,
            "vpc_id": "vpc-02d4c098d43cea3bc"
          },
          "sensitive_attributes": [],
          "private": "eyJlMmJmYjczMC1lY2FhLTExZTYtOGY4OC0zNDM2M2JjN2M0YzAiOnsiY3JlYXRlIjo2MDAwMDAwMDAwMDAsImRlbGV0ZSI6MTIwMDAwMDAwMDAwMH0sInNjaGVtYV92ZXJzaW9uIjoiMSJ9",
          "dependencies": [
            "aws_vpc.final_project"
          ],
          "create_before_destroy": true
        }
      ]
    },
    {
      "mode": "managed",
      "type": "aws_subnet",
      "name": "private_subnet_2",
      "provider": "provider[\"registry.terraform.io/hashicorp/aws\"]",
      "instances": [
        {
          "schema_version": 1,
          "attributes": {
            "arn": "arn:aws:ec2:eu-central-1:279826333202:subnet/subnet-08a8a5dbe5cd0d083",
            "assign_ipv6_address_on_creation": false,
            "availability_zone": "eu-central-1b",
            "availability_zone_id": "euc1-az3",
            "cidr_block": "10.0.6.0/24",
            "customer_owned_ipv4_pool": "",
            "enable_dns64": false,
            "enable_lni_at_device_index": 0,
            "enable_resource_name_dns_a_record_on_launch": false,
            "enable_resource_name_dns_aaaa_record_on_launch": false,
            "id": "subnet-08a8a5dbe5cd0d083",
            "ipv6_cidr_block": "",
            "ipv6_cidr_block_association_id": "",
            "ipv6_native": false,
            "map_customer_owned_ip_on_launch": false,
            "map_public_ip_on_launch": false,
            "outpost_arn": "",
            "owner_id": "279826333202",
            "private_dns_hostname_type_on_launch": "ip-name",
            "tags": {
              "Name": "private-subnet-2"
            },
            "tags_all": {
              "Name": "private-subnet-2"
            },
            "timeouts": null,
            "vpc_id": "vpc-02d4c098d43cea3bc"
          },
          "sensitive_attributes": [],
          "private": "eyJlMmJmYjczMC1lY2FhLTExZTYtOGY4OC0zNDM2M2JjN2M0YzAiOnsiY3JlYXRlIjo2MDAwMDAwMDAwMDAsImRlbGV0ZSI6MTIwMDAwMDAwMDAwMH0sInNjaGVtYV92ZXJzaW9uIjoiMSJ9",
          "dependencies": [
            "aws_vpc.final_project"
          ],
          "create_before_destroy": true
        }
      ]
    },
    {
      "mode": "managed",
      "type": "aws_subnet",
      "name": "public_subnet_1",
      "provider": "provider[\"registry.terraform.io/hashicorp/aws\"]",
      "instances": [
        {
          "schema_version": 1,
          "attributes": {
            "arn": "arn:aws:ec2:eu-central-1:279826333202:subnet/subnet-0ae52f8d384642da7",
            "assign_ipv6_address_on_creation": false,
            "availability_zone": "eu-central-1a",
            "availability_zone_id": "euc1-az2",
            "cidr_block": "10.0.1.0/24",
            "customer_owned_ipv4_pool": "",
            "enable_dns64": false,
            "enable_lni_at_device_index": 0,
            "enable_resource_name_dns_a_record_on_launch": false,
            "enable_resource_name_dns_aaaa_record_on_launch": false,
            "id": "subnet-0ae52f8d384642da7",
            "ipv6_cidr_block": "",
            "ipv6_cidr_block_association_id": "",
            "ipv6_native": false,
            "map_customer_owned_ip_on_launch": false,
            "map_public_ip_on_launch": true,
            "outpost_arn": "",
            "owner_id": "279826333202",
            "private_dns_hostname_type_on_launch": "ip-name",
            "tags": {
              "Name": "public-subnet-1"
            },
            "tags_all": {
              "Name": "public-subnet-1"
            },
            "timeouts": null,
            "vpc_id": "vpc-02d4c098d43cea3bc"
          },
          "sensitive_attributes": [],
          "private": "eyJlMmJmYjczMC1lY2FhLTExZTYtOGY4OC0zNDM2M2JjN2M0YzAiOnsiY3JlYXRlIjo2MDAwMDAwMDAwMDAsImRlbGV0ZSI6MTIwMDAwMDAwMDAwMH0sInNjaGVtYV92ZXJzaW9uIjoiMSJ9",
          "dependencies": [
            "aws_vpc.final_project"
          ],
          "create_before_destroy": true
        }
      ]
    },
    {
      "mode": "managed",
      "type": "aws_subnet",
      "name": "public_subnet_2",
      "provider": "provider[\"registry.terraform.io/hashicorp/aws\"]",
      "instances": [
        {
          "schema_version": 1,
          "attributes": {
            "arn": "arn:aws:ec2:eu-central-1:279826333202:subnet/subnet-00f54c4a546055b11",
            "assign_ipv6_address_on_creation": false,
            "availability_zone": "eu-central-1b",
            "availability_zone_id": "euc1-az3",
            "cidr_block": "10.0.3.0/24",
            "customer_owned_ipv4_pool": "",
            "enable_dns64": false,
            "enable_lni_at_device_index": 0,
            "enable_resource_name_dns_a_record_on_launch": false,
            "enable_resource_name_dns_aaaa_record_on_launch": false,
            "id": "subnet-00f54c4a546055b11",
            "ipv6_cidr_block": "",
            "ipv6_cidr_block_association_id": "",
            "ipv6_native": false,
            "map_customer_owned_ip_on_launch": false,
            "map_public_ip_on_launch": true,
            "outpost_arn": "",
            "owner_id": "279826333202",
            "private_dns_hostname_type_on_launch": "ip-name",
            "tags": {
              "Name": "public-subnet-2"
            },
            "tags_all": {
              "Name": "public-subnet-2"
            },
            "timeouts": null,
            "vpc_id": "vpc-02d4c098d43cea3bc"
          },
          "sensitive_attributes": [],
          "private": "eyJlMmJmYjczMC1lY2FhLTExZTYtOGY4OC0zNDM2M2JjN2M0YzAiOnsiY3JlYXRlIjo2MDAwMDAwMDAwMDAsImRlbGV0ZSI6MTIwMDAwMDAwMDAwMH0sInNjaGVtYV92ZXJzaW9uIjoiMSJ9",
          "dependencies": [
            "aws_vpc.final_project"
          ],
          "create_before_destroy": true
        }
      ]
    },
    {
      "mode": "managed",
      "type": "aws_vpc",
      "name": "final_project",
      "provider": "provider[\"registry.terraform.io/hashicorp/aws\"]",
      "instances": [
        {
          "schema_version": 1,
          "attributes": {
            "arn": "arn:aws:ec2:eu-central-1:279826333202:vpc/vpc-02d4c098d43cea3bc",
            "assign_generated_ipv6_cidr_block": false,
            "cidr_block": "10.0.0.0/16",
            "default_network_acl_id": "acl-02d7e0fd7db35f2e8",
            "default_route_table_id": "rtb-06263220b386e9193",
            "default_security_group_id": "sg-0269f2dd22ffcadab",
            "dhcp_options_id": "dopt-0335451eb0d2eebbe",
            "enable_dns_hostnames": true,
            "enable_dns_support": true,
            "enable_network_address_usage_metrics": false,
            "id": "vpc-02d4c098d43cea3bc",
            "instance_tenancy": "default",
            "ipv4_ipam_pool_id": null,
            "ipv4_netmask_length": null,
            "ipv6_association_id": "",
            "ipv6_cidr_block": "",
            "ipv6_cidr_block_network_border_group": "",
            "ipv6_ipam_pool_id": "",
            "ipv6_netmask_length": 0,
            "main_route_table_id": "rtb-06263220b386e9193",
            "owner_id": "279826333202",
            "tags": {
              "Name": "final-project"
            },
            "tags_all": {
              "Name": "final-project"
            }
          },
          "sensitive_attributes": [],
          "private": "eyJzY2hlbWFfdmVyc2lvbiI6IjEifQ==",
          "create_before_destroy": true
        }
      ]
    },
    {
      "mode": "managed",
      "type": "gitlab_project_variable",
      "name": "bastion_host",
      "provider": "provider[\"registry.terraform.io/gitlabhq/gitlab\"]",
      "instances": [
        {
          "schema_version": 0,
          "attributes": {
            "environment_scope": "*",
            "id": "60304354:BASTION_HOST:*",
            "key": "BASTION_HOST",
            "masked": false,
            "project": "60304354",
            "protected": false,
            "value": "18.194.137.91",
            "variable_type": "env_var"
          },
          "sensitive_attributes": [
            [
              {
                "type": "get_attr",
                "value": "value"
              }
            ]
          ],
          "private": "bnVsbA==",
          "dependencies": [
            "aws_instance.bastion",
            "aws_key_pair.final_project_key",
            "aws_security_group.alb_sg",
            "aws_security_group.ec2_sg",
            "aws_subnet.public_subnet_1",
            "aws_vpc.final_project",
            "tls_private_key.final_project_key"
          ]
        }
      ]
    },
    {
      "mode": "managed",
      "type": "gitlab_project_variable",
      "name": "gitlab_token",
      "provider": "provider[\"registry.terraform.io/gitlabhq/gitlab\"]",
      "instances": [
        {
          "schema_version": 0,
          "attributes": {
            "environment_scope": "*",
            "id": "60304354:GITLAB_TOKEN:*",
            "key": "GITLAB_TOKEN",
            "masked": true,
            "project": "60304354",
            "protected": true,
            "value": "glpat-AqXvot6n2azbyfZ_g56L",
            "variable_type": "env_var"
          },
          "sensitive_attributes": [
            [
              {
                "type": "get_attr",
                "value": "value"
              }
            ]
          ],
          "private": "bnVsbA=="
        }
      ]
    },
    {
      "mode": "managed",
      "type": "gitlab_project_variable",
      "name": "gitlab_user",
      "provider": "provider[\"registry.terraform.io/gitlabhq/gitlab\"]",
      "instances": [
        {
          "schema_version": 0,
          "attributes": {
            "environment_scope": "*",
            "id": "60304354:GITLAB_USER:*",
            "key": "GITLAB_USER",
            "masked": false,
            "project": "60304354",
            "protected": false,
            "value": "enelene",
            "variable_type": "env_var"
          },
          "sensitive_attributes": [
            [
              {
                "type": "get_attr",
                "value": "value"
              }
            ]
          ],
          "private": "bnVsbA=="
        }
      ]
    },
    {
      "mode": "managed",
      "type": "gitlab_project_variable",
      "name": "ssh_known_hosts",
      "provider": "provider[\"registry.terraform.io/gitlabhq/gitlab\"]",
      "instances": [
        {
          "schema_version": 0,
          "attributes": {
            "environment_scope": "*",
            "id": "60304354:SSH_KNOWN_HOSTS:*",
            "key": "SSH_KNOWN_HOSTS",
            "masked": false,
            "project": "60304354",
            "protected": false,
            "value": "18.194.137.91 ssh-rsa AAAAB3NzaC1yc2EAAAADAQABAAACAQC3IlthoI5kmbbKYk8Dst+QKdmAKCchS8Klaqh/L5jCJHMSzN0lv9FQtwFvmpz9sTjZBaeaFlg6qTpg9GJ0QoHwErnhMVTEle4GzXRm2M2RjvqfLHxLnsu/NhsmdfluueAfNN5iH91dNQ1bBz0/aKBQNweCdK+/jffH2FHKC5zeR3dFkaJb2F/qPoPOM2WPQ0NmkhxWgvO7ivTxQWUBYicDM70kqdK8T9UovJQw9ZZv6Uc1druTl7Ond6t8oOKBi4p4gKRx7hb75Rl/PN9G/tzelw1z05ADEtutIfXZ4QpI1hfAD291+OZdvteTIpggWBDCYplWZqwgQ6t0fyQyaaRiFqR64M1XyeaSqgdHsSyWJU4x+Jk0ipsQ0oC+x5Eg8WlKwsBzsx+CKIE0Hn5D/o//Gj1X1YxL4S/hJU8ywV2PJfI7At2ZMZjik1RKmyCsMCbPw6ChETHBg0lsZpKItRJLUNT/bhP0U5SFnFjQu7MNMPTTyOxvmW+19EtizEpsoWV3NHNrAJ0VU/ZG69kADgsj4OWkSgXM+tFsqBvXpKiz2qcNGMiNz+3r8sNjWHFa3YbbMoRNG+46Fk5RiV/LrWbLCgZyGBobjt+bLS1cG7wRfv1IVLZx8Whlt8qE00DElB1g6njv/c+kHIeuXWlCvya459RgeltIla0xgr73Sagm5w==\n",
            "variable_type": "env_var"
          },
          "sensitive_attributes": [
            [
              {
                "type": "get_attr",
                "value": "value"
              }
            ]
          ],
          "private": "bnVsbA==",
          "dependencies": [
            "aws_instance.bastion",
            "aws_key_pair.final_project_key",
            "aws_security_group.alb_sg",
            "aws_security_group.ec2_sg",
            "aws_subnet.public_subnet_1",
            "aws_vpc.final_project",
            "tls_private_key.final_project_key"
          ]
        }
      ]
    },
    {
      "mode": "managed",
      "type": "local_file",
      "name": "private_key",
      "provider": "provider[\"registry.terraform.io/hashicorp/local\"]",
      "instances": [
        {
          "schema_version": 0,
          "attributes": {
            "content": "-----BEGIN RSA PRIVATE KEY-----\nMIIJKQIBAAKCAgEAtyJbYaCOZJm2ymJPA7LfkCnZgCgnIUvCpWqofy+YwiRzEszd\nJb/RULcBb5qc/bE42QWnmhZYOqk6YPRidEKB8BK54TFUxJXuBs10ZtjNkY76nyx8\nS57LvzYbJnX5brngHzTeYh/dXTUNWwc9P2igUDcHgnSvv433x9hRyguc3kd3RZGi\nW9hf6j6DzjNlj0NDZpIcVoLzu4r08UFlAWInAzO9JKnSvE/VKLyUMPWWb+lHNXa7\nk5ezp3erfKDigYuKeICkce4W++UZfzzfRv7c3pcNc9OQAxLbrSH12eEKSNYXwA9v\ndfjmXb7XkyKYIFgQwmKZVmasIEOrdH8kMmmkYhakeuDNV8nmkqoHR7EsliVOMfiZ\nNIqbENKAvseRIPFpSsLAc7MfgiiBNB5+Q/6P/xo9V9WMS+Ev4SVPMsFdjyXyOwLd\nmTGY4pNUSpsgrDAmz8OgoRExwYNJbGaSiLUSS1DU/24T9FOUhZxY0LuzDTD008js\nb5lvtfRLYsxKbKFldzRzawCdFVP2RuvZAA4LI+DlpEoFzPrRbKgb16Sos9qnDRjI\njc/t6/LDY1hxWt2G2zKETRvuOhZOUYlfy61mywoGchgaG47fmy0tXBu8EX79SFS2\ncfFoZbfKhNNAxJQdYOp47/3PpByHrl1pQr8muOfUYHpbSJWtMYK+90moJucCAwEA\nAQKCAgEAjq4h7CofRpnMJFn7nbIbJEK2xnaCJhrUh/RVWuJGbdvgG+Go2uRbvDsY\nz07yyWTuGYeiURbfnrSCW0+L9XBrtBOi5qR8mr0FOh+QdSCs6J8w/Bq4rGIH8+2/\nsXNw5qfCyg1yxZh160yOH0HAokptvJFjNGydEO0XA4iyEGyDx1p+vqD8kfo+oE4c\neuboVXneZWeo1G4qXw+gTubYPv+tzXzd/FajbTv1o0tpWcu9bWueozTiZ9dljTBb\nVzoxvyRsuf3gITOSjKat+sf+XV3rzzB4tqk6Jmrm5Dj1Rs9iJ+VFk8ly2cMWGCu7\n4VKum2SBijEvrnVH3ctbJeR42x4bh02ygdJw+4me//p8rhJ/Vw1RQ44PTmi4nEas\njTnJBnYBs3j49D3NrrKA8jR2LTG6Mf99lsUhLqyCFpU+zZiUsQ3b7081gaFDDnzd\nvYxlyXlsDU0ko50iBm52u1d0IE2LZdbxq0H/iDDeKcYlAdBvxRNvFOcv0vXktwPz\nFOfdIp/HZ0n/+lg1UD2wKqsHLum85V3VcxO5l/iz6ityjmBJJ/ng74FAo/7bztiO\nJp49m2vUZXH1j/ReusTSt8ZVJAtfAAq8+I4imCK4Wn1KysQeCYOgFOnZwQ7NcYRW\neN94KQVDKjWa0QQKK3eaQL1WSt2bXYFLmoLn8l+NrGGOjQ4rCiECggEBAO1jhntx\nv9OHV0zja+BFfl51Xf1xksLMjz7ZcmyM09XEpfO8W81ScHv1geB9w2NgiuCwn5i7\ntOHBS5zbVTTyg7Hkr+OLLWRS1vbd8gzD1DYdlaX3GgYVE7PXHY0qxkhCj3uda3Fu\n05zN2r6W3va52OrKIJssAMDIwcRP/JjX4t4LnumGoaq+xiaI7cTAtHPpDPqGKgV4\njUjG5k6C0GgFD6sSR0wnFScKnUF/7t7TaX4e+lDCgkmVJBwX+e+AuqWKwR+y1HJx\nhujK6MAGGcNOTvlxmS1OGgcf1sP99y3pdpAidM+W2+5RUgYJOmEYQPTO86gsRXbA\neT2RvC8O/Wbh+tsCggEBAMV97H1UTcQ44QeFzb3dE+ciOXEfgeSmgwY4/0XoZ1g1\nO1OtNa9xWxLjJt/DKpdrCc4tm7nbYVzX9O/tuXPwlOqctYXHLRi3aqbE8uMti4L2\ne22w++8ludIbpFoj1b/hTgp8Nvlm94TysdLfud6ONDzrtLtLiuoZ+913Rg7v9/ra\nQryZdPa63sFKFw5WhAgiiP+MNyNq9OEhZJnUa+r/kkgfql+XhJMmQw8OErnPtexF\nmSyL5TRDJnHU+RPM2EXftjKehi/7IpH7w0OiJ6hsaHJyCAb8UEBdxlrcY/tzihze\nBqI6YwCJX5NtTfGSZ6EedU6II5ri1ysGFIasEoeVk+UCggEBAJ1NPNjh2C3v2d5+\nOIaFJiareRuvPYPNjwIjjtn1O43EX/8xild00EqjtWsviuB4Ia6f+zF2+HY74sHO\n6RhLtw6TLiYGnI6FAiLVkUX6Ic22Luqp4dmz77lUyyU2+er6CB/ugTrKKHkYQ2HV\nkWtGXUG/rHmGX/1fSl6ubgBN1ewzIRs3djsxbRYt1/hvhWPlQw9jBcdYSa629feC\nYVz8NZSzaQFCSJb1Rp0XjA6lYpsLJe2L5k+h/yqKjLiywXtehXhexL4NEkuB4VcU\n889iPZy3NLw7q62a4HJBAKCwujrqSiMgoR27TzHmvYOHUcumsvh2VZVKF0zAHEXG\nlg2tos8CggEAK2rruwH1ttXqYwT/nmYkIgRcLIqIvAP/eja9qFjXn4TUbij+THvX\nUeeufDMkAfX+Sd2tBsc8OHUh3D2fL+YMVyfsoGSRfYWVZOSXoWo56ajWqd7nBER+\n/bol/8sxCuY1igiU7W+9qvTQM1QMQOlygpIvQZ3yBFWCEcZPGKmZEwU49s2l8ThU\nEJqBRx2uGTu+crAYzyiMfZIh08/nidp2BnUvt6RP+SnIRF8Lrt4DWNZUPn7i/QJm\nSVBREhFO2s27+JTxW0sS5pU68HuNzHFI5SA8s4x0+DGlkgQx1u4nxwDo5HGBonSR\nFpBJOnq9Xaack49KhJqqQ0Mq8BCUYkp4IQKCAQBXHpbfTUK3JY14IueKuLvVwpiR\nMLuvUWKZoUVao9s7FEuMUsoEXJ8flcsplMqjikdkMBNm18pm/WbMaA+s9C1yge87\nbHfkDFb9li+Kt9a5JHvYJyZIBNEjUTQpYtjnw0ynhWtCnTvTI9+aPw6ybwGCcwBm\niPrpkqIfq9KbqMtFqltIRJ9hYlt+3rXeVgT/Yu40PIe1AjUVdvfjrjqTJbXGJW0l\nKpvtx/eeodtYXab2xXBDz+TBGvZHxK0giNfzduSMQ/9OuqN700Z8g4l9aY5rO4RJ\nOphTf1vXhDvsUe3dPdsZCaEifwqa1hnsexJeoVqu7FRAobgZzw1Rk1Zmwpuv\n-----END RSA PRIVATE KEY-----\n",
            "content_base64": null,
            "content_base64sha256": "2rsAur1cP7447GXJ0nsq9yvWmlcRqyFT2Bh10LAfPiY=",
            "content_base64sha512": "bG38hre9/ThXITQtlFV++tVr0YscLxpAk1ICxxh1I7xG6TRO+cBQuheneeNX3d8KjmBBnZZtFON8s1dNBOfLmQ==",
            "content_md5": "6330a43d319602ce771004b42c405216",
            "content_sha1": "3a1429018ded8a2d8dafe0156bb2b420fc373538",
            "content_sha256": "dabb00babd5c3fbe38ec65c9d27b2af72bd69a5711ab2153d81875d0b01f3e26",
            "content_sha512": "6c6dfc86b7bdfd385721342d94557efad56bd18b1c2f1a40935202c7187523bc46e9344ef9c050ba17a779e357dddf0a8e60419d966d14e37cb3574d04e7cb99",
            "directory_permission": "0777",
            "file_permission": "0400",
            "filename": "./final_project_key.pem",
            "id": "3a1429018ded8a2d8dafe0156bb2b420fc373538",
            "sensitive_content": null,
            "source": null
          },
          "sensitive_attributes": [
            [
              {
                "type": "get_attr",
                "value": "sensitive_content"
              }
            ],
            [
              {
                "type": "get_attr",
                "value": "content"
              }
            ]
          ],
          "dependencies": [
            "tls_private_key.final_project_key"
          ]
        }
      ]
    },
    {
      "mode": "managed",
      "type": "tls_private_key",
      "name": "final_project_key",
      "provider": "provider[\"registry.terraform.io/hashicorp/tls\"]",
      "instances": [
        {
          "schema_version": 1,
          "attributes": {
            "algorithm": "RSA",
            "ecdsa_curve": "P224",
            "id": "46a56e5626a36193e1319e1f81cd186e5fdb1143",
            "private_key_openssh": "-----BEGIN OPENSSH PRIVATE KEY-----\nb3BlbnNzaC1rZXktdjEAAAAABG5vbmUAAAAEbm9uZQAAAAAAAAABAAACFwAAAAdz\nc2gtcnNhAAAAAwEAAQAAAgEAtyJbYaCOZJm2ymJPA7LfkCnZgCgnIUvCpWqofy+Y\nwiRzEszdJb/RULcBb5qc/bE42QWnmhZYOqk6YPRidEKB8BK54TFUxJXuBs10ZtjN\nkY76nyx8S57LvzYbJnX5brngHzTeYh/dXTUNWwc9P2igUDcHgnSvv433x9hRyguc\n3kd3RZGiW9hf6j6DzjNlj0NDZpIcVoLzu4r08UFlAWInAzO9JKnSvE/VKLyUMPWW\nb+lHNXa7k5ezp3erfKDigYuKeICkce4W++UZfzzfRv7c3pcNc9OQAxLbrSH12eEK\nSNYXwA9vdfjmXb7XkyKYIFgQwmKZVmasIEOrdH8kMmmkYhakeuDNV8nmkqoHR7Es\nliVOMfiZNIqbENKAvseRIPFpSsLAc7MfgiiBNB5+Q/6P/xo9V9WMS+Ev4SVPMsFd\njyXyOwLdmTGY4pNUSpsgrDAmz8OgoRExwYNJbGaSiLUSS1DU/24T9FOUhZxY0Luz\nDTD008jsb5lvtfRLYsxKbKFldzRzawCdFVP2RuvZAA4LI+DlpEoFzPrRbKgb16So\ns9qnDRjIjc/t6/LDY1hxWt2G2zKETRvuOhZOUYlfy61mywoGchgaG47fmy0tXBu8\nEX79SFS2cfFoZbfKhNNAxJQdYOp47/3PpByHrl1pQr8muOfUYHpbSJWtMYK+90mo\nJucAAAc4hEQ6DYREOg0AAAAHc3NoLXJzYQAAAgEAtyJbYaCOZJm2ymJPA7LfkCnZ\ngCgnIUvCpWqofy+YwiRzEszdJb/RULcBb5qc/bE42QWnmhZYOqk6YPRidEKB8BK5\n4TFUxJXuBs10ZtjNkY76nyx8S57LvzYbJnX5brngHzTeYh/dXTUNWwc9P2igUDcH\ngnSvv433x9hRyguc3kd3RZGiW9hf6j6DzjNlj0NDZpIcVoLzu4r08UFlAWInAzO9\nJKnSvE/VKLyUMPWWb+lHNXa7k5ezp3erfKDigYuKeICkce4W++UZfzzfRv7c3pcN\nc9OQAxLbrSH12eEKSNYXwA9vdfjmXb7XkyKYIFgQwmKZVmasIEOrdH8kMmmkYhak\neuDNV8nmkqoHR7EsliVOMfiZNIqbENKAvseRIPFpSsLAc7MfgiiBNB5+Q/6P/xo9\nV9WMS+Ev4SVPMsFdjyXyOwLdmTGY4pNUSpsgrDAmz8OgoRExwYNJbGaSiLUSS1DU\n/24T9FOUhZxY0LuzDTD008jsb5lvtfRLYsxKbKFldzRzawCdFVP2RuvZAA4LI+Dl\npEoFzPrRbKgb16Sos9qnDRjIjc/t6/LDY1hxWt2G2zKETRvuOhZOUYlfy61mywoG\nchgaG47fmy0tXBu8EX79SFS2cfFoZbfKhNNAxJQdYOp47/3PpByHrl1pQr8muOfU\nYHpbSJWtMYK+90moJucAAAADAQABAAACAQCOriHsKh9GmcwkWfudshskQrbGdoIm\nGtSH9FVa4kZt2+Ab4aja5Fu8OxjPTvLJZO4Zh6JRFt+etIJbT4v1cGu0E6LmpHya\nvQU6H5B1IKzonzD8GrisYgfz7b+xc3Dmp8LKDXLFmHXrTI4fQcCiSm28kWM0bJ0Q\n7RcDiLIQbIPHWn6+oPyR+j6gThx65uhVed5lZ6jUbipfD6BO5tg+/63NfN38VqNt\nO/WjS2lZy71ta56jNOJn12WNMFtXOjG/JGy5/eAhM5KMpq36x/5dXevPMHi2qTom\naubkOPVGz2In5UWTyXLZwxYYK7vhUq6bZIGKMS+udUfdy1sl5HjbHhuHTbKB0nD7\niZ7/+nyuEn9XDVFDjg9OaLicRqyNOckGdgGzePj0Pc2usoDyNHYtMbox/32WxSEu\nrIIWlT7NmJSxDdvvTzWBoUMOfN29jGXJeWwNTSSjnSIGbna7V3QgTYtl1vGrQf+I\nMN4pxiUB0G/FE28U5y/S9eS3A/MU590in8dnSf/6WDVQPbAqqwcu6bzlXdVzE7mX\n+LPqK3KOYEkn+eDvgUCj/tvO2I4mnj2ba9RlcfWP9F66xNK3xlUkC18ACrz4jiKY\nIrhafUrKxB4Jg6AU6dnBDs1xhFZ433gpBUMqNZrRBAord5pAvVZK3ZtdgUuagufy\nX42sYY6NDisKIQAAAQBXHpbfTUK3JY14IueKuLvVwpiRMLuvUWKZoUVao9s7FEuM\nUsoEXJ8flcsplMqjikdkMBNm18pm/WbMaA+s9C1yge87bHfkDFb9li+Kt9a5JHvY\nJyZIBNEjUTQpYtjnw0ynhWtCnTvTI9+aPw6ybwGCcwBmiPrpkqIfq9KbqMtFqltI\nRJ9hYlt+3rXeVgT/Yu40PIe1AjUVdvfjrjqTJbXGJW0lKpvtx/eeodtYXab2xXBD\nz+TBGvZHxK0giNfzduSMQ/9OuqN700Z8g4l9aY5rO4RJOphTf1vXhDvsUe3dPdsZ\nCaEifwqa1hnsexJeoVqu7FRAobgZzw1Rk1ZmwpuvAAABAQDtY4Z7cb/Th1dM42vg\nRX5edV39cZLCzI8+2XJsjNPVxKXzvFvNUnB79YHgfcNjYIrgsJ+Yu7ThwUuc21U0\n8oOx5K/jiy1kUtb23fIMw9Q2HZWl9xoGFROz1x2NKsZIQo97nWtxbtOczdq+lt72\nudjqyiCbLADAyMHET/yY1+LeC57phqGqvsYmiO3EwLRz6Qz6hioFeI1IxuZOgtBo\nBQ+rEkdMJxUnCp1Bf+7e02l+HvpQwoJJlSQcF/nvgLqlisEfstRycYboyujABhnD\nTk75cZktThoHH9bD/fct6XaQInTPltvuUVIGCTphGED0zvOoLEV2wHk9kbwvDv1m\n4frbAAABAQDFfex9VE3EOOEHhc293RPnIjlxH4HkpoMGOP9F6GdYNTtTrTWvcVsS\n4ybfwyqXawnOLZu522Fc1/Tv7blz8JTqnLWFxy0Yt2qmxPLjLYuC9nttsPvvJbnS\nG6RaI9W/4U4KfDb5ZveE8rHS37nejjQ867S7S4rqGfvdd0YO7/f62kK8mXT2ut7B\nShcOVoQIIoj/jDcjavThIWSZ1Gvq/5JIH6pfl4STJkMPDhK5z7XsRZksi+U0QyZx\n1PkTzNhF37YynoYv+yKR+8NDoieobGhycggG/FBAXcZa3GP7c4oc3gaiOmMAiV+T\nbU3xkmehHnVOiCOa4tcrBhSGrBKHlZPlAAAAAAEC\n-----END OPENSSH PRIVATE KEY-----\n",
            "private_key_pem": "-----BEGIN RSA PRIVATE KEY-----\nMIIJKQIBAAKCAgEAtyJbYaCOZJm2ymJPA7LfkCnZgCgnIUvCpWqofy+YwiRzEszd\nJb/RULcBb5qc/bE42QWnmhZYOqk6YPRidEKB8BK54TFUxJXuBs10ZtjNkY76nyx8\nS57LvzYbJnX5brngHzTeYh/dXTUNWwc9P2igUDcHgnSvv433x9hRyguc3kd3RZGi\nW9hf6j6DzjNlj0NDZpIcVoLzu4r08UFlAWInAzO9JKnSvE/VKLyUMPWWb+lHNXa7\nk5ezp3erfKDigYuKeICkce4W++UZfzzfRv7c3pcNc9OQAxLbrSH12eEKSNYXwA9v\ndfjmXb7XkyKYIFgQwmKZVmasIEOrdH8kMmmkYhakeuDNV8nmkqoHR7EsliVOMfiZ\nNIqbENKAvseRIPFpSsLAc7MfgiiBNB5+Q/6P/xo9V9WMS+Ev4SVPMsFdjyXyOwLd\nmTGY4pNUSpsgrDAmz8OgoRExwYNJbGaSiLUSS1DU/24T9FOUhZxY0LuzDTD008js\nb5lvtfRLYsxKbKFldzRzawCdFVP2RuvZAA4LI+DlpEoFzPrRbKgb16Sos9qnDRjI\njc/t6/LDY1hxWt2G2zKETRvuOhZOUYlfy61mywoGchgaG47fmy0tXBu8EX79SFS2\ncfFoZbfKhNNAxJQdYOp47/3PpByHrl1pQr8muOfUYHpbSJWtMYK+90moJucCAwEA\nAQKCAgEAjq4h7CofRpnMJFn7nbIbJEK2xnaCJhrUh/RVWuJGbdvgG+Go2uRbvDsY\nz07yyWTuGYeiURbfnrSCW0+L9XBrtBOi5qR8mr0FOh+QdSCs6J8w/Bq4rGIH8+2/\nsXNw5qfCyg1yxZh160yOH0HAokptvJFjNGydEO0XA4iyEGyDx1p+vqD8kfo+oE4c\neuboVXneZWeo1G4qXw+gTubYPv+tzXzd/FajbTv1o0tpWcu9bWueozTiZ9dljTBb\nVzoxvyRsuf3gITOSjKat+sf+XV3rzzB4tqk6Jmrm5Dj1Rs9iJ+VFk8ly2cMWGCu7\n4VKum2SBijEvrnVH3ctbJeR42x4bh02ygdJw+4me//p8rhJ/Vw1RQ44PTmi4nEas\njTnJBnYBs3j49D3NrrKA8jR2LTG6Mf99lsUhLqyCFpU+zZiUsQ3b7081gaFDDnzd\nvYxlyXlsDU0ko50iBm52u1d0IE2LZdbxq0H/iDDeKcYlAdBvxRNvFOcv0vXktwPz\nFOfdIp/HZ0n/+lg1UD2wKqsHLum85V3VcxO5l/iz6ityjmBJJ/ng74FAo/7bztiO\nJp49m2vUZXH1j/ReusTSt8ZVJAtfAAq8+I4imCK4Wn1KysQeCYOgFOnZwQ7NcYRW\neN94KQVDKjWa0QQKK3eaQL1WSt2bXYFLmoLn8l+NrGGOjQ4rCiECggEBAO1jhntx\nv9OHV0zja+BFfl51Xf1xksLMjz7ZcmyM09XEpfO8W81ScHv1geB9w2NgiuCwn5i7\ntOHBS5zbVTTyg7Hkr+OLLWRS1vbd8gzD1DYdlaX3GgYVE7PXHY0qxkhCj3uda3Fu\n05zN2r6W3va52OrKIJssAMDIwcRP/JjX4t4LnumGoaq+xiaI7cTAtHPpDPqGKgV4\njUjG5k6C0GgFD6sSR0wnFScKnUF/7t7TaX4e+lDCgkmVJBwX+e+AuqWKwR+y1HJx\nhujK6MAGGcNOTvlxmS1OGgcf1sP99y3pdpAidM+W2+5RUgYJOmEYQPTO86gsRXbA\neT2RvC8O/Wbh+tsCggEBAMV97H1UTcQ44QeFzb3dE+ciOXEfgeSmgwY4/0XoZ1g1\nO1OtNa9xWxLjJt/DKpdrCc4tm7nbYVzX9O/tuXPwlOqctYXHLRi3aqbE8uMti4L2\ne22w++8ludIbpFoj1b/hTgp8Nvlm94TysdLfud6ONDzrtLtLiuoZ+913Rg7v9/ra\nQryZdPa63sFKFw5WhAgiiP+MNyNq9OEhZJnUa+r/kkgfql+XhJMmQw8OErnPtexF\nmSyL5TRDJnHU+RPM2EXftjKehi/7IpH7w0OiJ6hsaHJyCAb8UEBdxlrcY/tzihze\nBqI6YwCJX5NtTfGSZ6EedU6II5ri1ysGFIasEoeVk+UCggEBAJ1NPNjh2C3v2d5+\nOIaFJiareRuvPYPNjwIjjtn1O43EX/8xild00EqjtWsviuB4Ia6f+zF2+HY74sHO\n6RhLtw6TLiYGnI6FAiLVkUX6Ic22Luqp4dmz77lUyyU2+er6CB/ugTrKKHkYQ2HV\nkWtGXUG/rHmGX/1fSl6ubgBN1ewzIRs3djsxbRYt1/hvhWPlQw9jBcdYSa629feC\nYVz8NZSzaQFCSJb1Rp0XjA6lYpsLJe2L5k+h/yqKjLiywXtehXhexL4NEkuB4VcU\n889iPZy3NLw7q62a4HJBAKCwujrqSiMgoR27TzHmvYOHUcumsvh2VZVKF0zAHEXG\nlg2tos8CggEAK2rruwH1ttXqYwT/nmYkIgRcLIqIvAP/eja9qFjXn4TUbij+THvX\nUeeufDMkAfX+Sd2tBsc8OHUh3D2fL+YMVyfsoGSRfYWVZOSXoWo56ajWqd7nBER+\n/bol/8sxCuY1igiU7W+9qvTQM1QMQOlygpIvQZ3yBFWCEcZPGKmZEwU49s2l8ThU\nEJqBRx2uGTu+crAYzyiMfZIh08/nidp2BnUvt6RP+SnIRF8Lrt4DWNZUPn7i/QJm\nSVBREhFO2s27+JTxW0sS5pU68HuNzHFI5SA8s4x0+DGlkgQx1u4nxwDo5HGBonSR\nFpBJOnq9Xaack49KhJqqQ0Mq8BCUYkp4IQKCAQBXHpbfTUK3JY14IueKuLvVwpiR\nMLuvUWKZoUVao9s7FEuMUsoEXJ8flcsplMqjikdkMBNm18pm/WbMaA+s9C1yge87\nbHfkDFb9li+Kt9a5JHvYJyZIBNEjUTQpYtjnw0ynhWtCnTvTI9+aPw6ybwGCcwBm\niPrpkqIfq9KbqMtFqltIRJ9hYlt+3rXeVgT/Yu40PIe1AjUVdvfjrjqTJbXGJW0l\nKpvtx/eeodtYXab2xXBDz+TBGvZHxK0giNfzduSMQ/9OuqN700Z8g4l9aY5rO4RJ\nOphTf1vXhDvsUe3dPdsZCaEifwqa1hnsexJeoVqu7FRAobgZzw1Rk1Zmwpuv\n-----END RSA PRIVATE KEY-----\n",
            "private_key_pem_pkcs8": "-----BEGIN PRIVATE KEY-----\nMIIJQwIBADANBgkqhkiG9w0BAQEFAASCCS0wggkpAgEAAoICAQC3IlthoI5kmbbK\nYk8Dst+QKdmAKCchS8Klaqh/L5jCJHMSzN0lv9FQtwFvmpz9sTjZBaeaFlg6qTpg\n9GJ0QoHwErnhMVTEle4GzXRm2M2RjvqfLHxLnsu/NhsmdfluueAfNN5iH91dNQ1b\nBz0/aKBQNweCdK+/jffH2FHKC5zeR3dFkaJb2F/qPoPOM2WPQ0NmkhxWgvO7ivTx\nQWUBYicDM70kqdK8T9UovJQw9ZZv6Uc1druTl7Ond6t8oOKBi4p4gKRx7hb75Rl/\nPN9G/tzelw1z05ADEtutIfXZ4QpI1hfAD291+OZdvteTIpggWBDCYplWZqwgQ6t0\nfyQyaaRiFqR64M1XyeaSqgdHsSyWJU4x+Jk0ipsQ0oC+x5Eg8WlKwsBzsx+CKIE0\nHn5D/o//Gj1X1YxL4S/hJU8ywV2PJfI7At2ZMZjik1RKmyCsMCbPw6ChETHBg0ls\nZpKItRJLUNT/bhP0U5SFnFjQu7MNMPTTyOxvmW+19EtizEpsoWV3NHNrAJ0VU/ZG\n69kADgsj4OWkSgXM+tFsqBvXpKiz2qcNGMiNz+3r8sNjWHFa3YbbMoRNG+46Fk5R\niV/LrWbLCgZyGBobjt+bLS1cG7wRfv1IVLZx8Whlt8qE00DElB1g6njv/c+kHIeu\nXWlCvya459RgeltIla0xgr73Sagm5wIDAQABAoICAQCOriHsKh9GmcwkWfudshsk\nQrbGdoImGtSH9FVa4kZt2+Ab4aja5Fu8OxjPTvLJZO4Zh6JRFt+etIJbT4v1cGu0\nE6LmpHyavQU6H5B1IKzonzD8GrisYgfz7b+xc3Dmp8LKDXLFmHXrTI4fQcCiSm28\nkWM0bJ0Q7RcDiLIQbIPHWn6+oPyR+j6gThx65uhVed5lZ6jUbipfD6BO5tg+/63N\nfN38VqNtO/WjS2lZy71ta56jNOJn12WNMFtXOjG/JGy5/eAhM5KMpq36x/5dXevP\nMHi2qTomaubkOPVGz2In5UWTyXLZwxYYK7vhUq6bZIGKMS+udUfdy1sl5HjbHhuH\nTbKB0nD7iZ7/+nyuEn9XDVFDjg9OaLicRqyNOckGdgGzePj0Pc2usoDyNHYtMbox\n/32WxSEurIIWlT7NmJSxDdvvTzWBoUMOfN29jGXJeWwNTSSjnSIGbna7V3QgTYtl\n1vGrQf+IMN4pxiUB0G/FE28U5y/S9eS3A/MU590in8dnSf/6WDVQPbAqqwcu6bzl\nXdVzE7mX+LPqK3KOYEkn+eDvgUCj/tvO2I4mnj2ba9RlcfWP9F66xNK3xlUkC18A\nCrz4jiKYIrhafUrKxB4Jg6AU6dnBDs1xhFZ433gpBUMqNZrRBAord5pAvVZK3Ztd\ngUuagufyX42sYY6NDisKIQKCAQEA7WOGe3G/04dXTONr4EV+XnVd/XGSwsyPPtly\nbIzT1cSl87xbzVJwe/WB4H3DY2CK4LCfmLu04cFLnNtVNPKDseSv44stZFLW9t3y\nDMPUNh2VpfcaBhUTs9cdjSrGSEKPe51rcW7TnM3avpbe9rnY6sogmywAwMjBxE/8\nmNfi3gue6Yahqr7GJojtxMC0c+kM+oYqBXiNSMbmToLQaAUPqxJHTCcVJwqdQX/u\n3tNpfh76UMKCSZUkHBf574C6pYrBH7LUcnGG6MrowAYZw05O+XGZLU4aBx/Ww/33\nLel2kCJ0z5bb7lFSBgk6YRhA9M7zqCxFdsB5PZG8Lw79ZuH62wKCAQEAxX3sfVRN\nxDjhB4XNvd0T5yI5cR+B5KaDBjj/RehnWDU7U601r3FbEuMm38Mql2sJzi2budth\nXNf07+25c/CU6py1hcctGLdqpsTy4y2LgvZ7bbD77yW50hukWiPVv+FOCnw2+Wb3\nhPKx0t+53o40POu0u0uK6hn73XdGDu/3+tpCvJl09rrewUoXDlaECCKI/4w3I2r0\n4SFkmdRr6v+SSB+qX5eEkyZDDw4Suc+17EWZLIvlNEMmcdT5E8zYRd+2Mp6GL/si\nkfvDQ6InqGxocnIIBvxQQF3GWtxj+3OKHN4GojpjAIlfk21N8ZJnoR51TogjmuLX\nKwYUhqwSh5WT5QKCAQEAnU082OHYLe/Z3n44hoUmJqt5G689g82PAiOO2fU7jcRf\n/zGKV3TQSqO1ay+K4Hghrp/7MXb4djviwc7pGEu3DpMuJgacjoUCItWRRfohzbYu\n6qnh2bPvuVTLJTb56voIH+6BOsooeRhDYdWRa0ZdQb+seYZf/V9KXq5uAE3V7DMh\nGzd2OzFtFi3X+G+FY+VDD2MFx1hJrrb194JhXPw1lLNpAUJIlvVGnReMDqVimwsl\n7YvmT6H/KoqMuLLBe16FeF7Evg0SS4HhVxTzz2I9nLc0vDurrZrgckEAoLC6OupK\nIyChHbtPMea9g4dRy6ay+HZVlUoXTMAcRcaWDa2izwKCAQArauu7AfW21epjBP+e\nZiQiBFwsioi8A/96Nr2oWNefhNRuKP5Me9dR5658MyQB9f5J3a0Gxzw4dSHcPZ8v\n5gxXJ+ygZJF9hZVk5JehajnpqNap3ucERH79uiX/yzEK5jWKCJTtb72q9NAzVAxA\n6XKCki9BnfIEVYIRxk8YqZkTBTj2zaXxOFQQmoFHHa4ZO75ysBjPKIx9kiHTz+eJ\n2nYGdS+3pE/5KchEXwuu3gNY1lQ+fuL9AmZJUFESEU7azbv4lPFbSxLmlTrwe43M\ncUjlIDyzjHT4MaWSBDHW7ifHAOjkcYGidJEWkEk6er1dppyTj0qEmqpDQyrwEJRi\nSnghAoIBAFcelt9NQrcljXgi54q4u9XCmJEwu69RYpmhRVqj2zsUS4xSygRcnx+V\nyymUyqOKR2QwE2bXymb9ZsxoD6z0LXKB7ztsd+QMVv2WL4q31rkke9gnJkgE0SNR\nNCli2OfDTKeFa0KdO9Mj35o/DrJvAYJzAGaI+umSoh+r0puoy0WqW0hEn2FiW37e\ntd5WBP9i7jQ8h7UCNRV29+OuOpMltcYlbSUqm+3H956h21hdpvbFcEPP5MEa9kfE\nrSCI1/N25IxD/066o3vTRnyDiX1pjms7hEk6mFN/W9eEO+xR7d092xkJoSJ/CprW\nGex7El6hWq7sVEChuBnPDVGTVmbCm68=\n-----END PRIVATE KEY-----\n",
            "public_key_fingerprint_md5": "a6:ba:ee:d8:ba:3a:f3:c9:21:5b:ac:e8:24:a8:86:81",
            "public_key_fingerprint_sha256": "SHA256:xX8y/GvPsCypzAr6gnxEtT0r0aPEp6Y/yS/qRLZwT+I",
            "public_key_openssh": "ssh-rsa AAAAB3NzaC1yc2EAAAADAQABAAACAQC3IlthoI5kmbbKYk8Dst+QKdmAKCchS8Klaqh/L5jCJHMSzN0lv9FQtwFvmpz9sTjZBaeaFlg6qTpg9GJ0QoHwErnhMVTEle4GzXRm2M2RjvqfLHxLnsu/NhsmdfluueAfNN5iH91dNQ1bBz0/aKBQNweCdK+/jffH2FHKC5zeR3dFkaJb2F/qPoPOM2WPQ0NmkhxWgvO7ivTxQWUBYicDM70kqdK8T9UovJQw9ZZv6Uc1druTl7Ond6t8oOKBi4p4gKRx7hb75Rl/PN9G/tzelw1z05ADEtutIfXZ4QpI1hfAD291+OZdvteTIpggWBDCYplWZqwgQ6t0fyQyaaRiFqR64M1XyeaSqgdHsSyWJU4x+Jk0ipsQ0oC+x5Eg8WlKwsBzsx+CKIE0Hn5D/o//Gj1X1YxL4S/hJU8ywV2PJfI7At2ZMZjik1RKmyCsMCbPw6ChETHBg0lsZpKItRJLUNT/bhP0U5SFnFjQu7MNMPTTyOxvmW+19EtizEpsoWV3NHNrAJ0VU/ZG69kADgsj4OWkSgXM+tFsqBvXpKiz2qcNGMiNz+3r8sNjWHFa3YbbMoRNG+46Fk5RiV/LrWbLCgZyGBobjt+bLS1cG7wRfv1IVLZx8Whlt8qE00DElB1g6njv/c+kHIeuXWlCvya459RgeltIla0xgr73Sagm5w==\n",
            "public_key_pem": "-----BEGIN PUBLIC KEY-----\nMIICIjANBgkqhkiG9w0BAQEFAAOCAg8AMIICCgKCAgEAtyJbYaCOZJm2ymJPA7Lf\nkCnZgCgnIUvCpWqofy+YwiRzEszdJb/RULcBb5qc/bE42QWnmhZYOqk6YPRidEKB\n8BK54TFUxJXuBs10ZtjNkY76nyx8S57LvzYbJnX5brngHzTeYh/dXTUNWwc9P2ig\nUDcHgnSvv433x9hRyguc3kd3RZGiW9hf6j6DzjNlj0NDZpIcVoLzu4r08UFlAWIn\nAzO9JKnSvE/VKLyUMPWWb+lHNXa7k5ezp3erfKDigYuKeICkce4W++UZfzzfRv7c\n3pcNc9OQAxLbrSH12eEKSNYXwA9vdfjmXb7XkyKYIFgQwmKZVmasIEOrdH8kMmmk\nYhakeuDNV8nmkqoHR7EsliVOMfiZNIqbENKAvseRIPFpSsLAc7MfgiiBNB5+Q/6P\n/xo9V9WMS+Ev4SVPMsFdjyXyOwLdmTGY4pNUSpsgrDAmz8OgoRExwYNJbGaSiLUS\nS1DU/24T9FOUhZxY0LuzDTD008jsb5lvtfRLYsxKbKFldzRzawCdFVP2RuvZAA4L\nI+DlpEoFzPrRbKgb16Sos9qnDRjIjc/t6/LDY1hxWt2G2zKETRvuOhZOUYlfy61m\nywoGchgaG47fmy0tXBu8EX79SFS2cfFoZbfKhNNAxJQdYOp47/3PpByHrl1pQr8m\nuOfUYHpbSJWtMYK+90moJucCAwEAAQ==\n-----END PUBLIC KEY-----\n",
            "rsa_bits": 4096
          },
          "sensitive_attributes": [
            [
              {
                "type": "get_attr",
                "value": "private_key_pem_pkcs8"
              }
            ],
            [
              {
                "type": "get_attr",
                "value": "private_key_openssh"
              }
            ],
            [
              {
                "type": "get_attr",
                "value": "private_key_pem"
              }
            ]
          ],
          "create_before_destroy": true
        }
      ]
    }
  ],
  "check_results": null
}
